// !$*UTF8*$!
{
	archiveVersion = 1;
	classes = {
	};
	objectVersion = 50;
	objects = {

/* Begin PBXBuildFile section */
		3D026AA826F78FA600F671E5 /* AppDelegate.m in Sources */ = {isa = PBXBuildFile; fileRef = 3D026AA726F78FA600F671E5 /* AppDelegate.m */; };
		3D026AAB26F78FA600F671E5 /* SceneDelegate.m in Sources */ = {isa = PBXBuildFile; fileRef = 3D026AAA26F78FA600F671E5 /* SceneDelegate.m */; };
		3D026AAE26F78FA600F671E5 /* ViewController.m in Sources */ = {isa = PBXBuildFile; fileRef = 3D026AAD26F78FA600F671E5 /* ViewController.m */; };
		3D026AB126F78FA600F671E5 /* Main.storyboard in Resources */ = {isa = PBXBuildFile; fileRef = 3D026AAF26F78FA600F671E5 /* Main.storyboard */; };
		3D026AB326F78FBF00F671E5 /* Assets.xcassets in Resources */ = {isa = PBXBuildFile; fileRef = 3D026AB226F78FBF00F671E5 /* Assets.xcassets */; };
		3D026AB626F78FBF00F671E5 /* LaunchScreen.storyboard in Resources */ = {isa = PBXBuildFile; fileRef = 3D026AB426F78FBF00F671E5 /* LaunchScreen.storyboard */; };
		3D026AB926F78FBF00F671E5 /* main.m in Sources */ = {isa = PBXBuildFile; fileRef = 3D026AB826F78FBF00F671E5 /* main.m */; };
		3D026B8726F79D3F00F671E5 /* NSLayoutConstraint+MASDebugAdditions.m in Sources */ = {isa = PBXBuildFile; fileRef = 3D026AC226F79D3D00F671E5 /* NSLayoutConstraint+MASDebugAdditions.m */; };
		3D026B8826F79D3F00F671E5 /* ViewController+MASAdditions.m in Sources */ = {isa = PBXBuildFile; fileRef = 3D026ACB26F79D3D00F671E5 /* ViewController+MASAdditions.m */; };
		3D026B8926F79D3F00F671E5 /* MASCompositeConstraint.m in Sources */ = {isa = PBXBuildFile; fileRef = 3D026ACF26F79D3D00F671E5 /* MASCompositeConstraint.m */; };
		3D026B8A26F79D3F00F671E5 /* MASConstraintMaker.m in Sources */ = {isa = PBXBuildFile; fileRef = 3D026AD026F79D3D00F671E5 /* MASConstraintMaker.m */; };
		3D026B8B26F79D3F00F671E5 /* MASLayoutConstraint.m in Sources */ = {isa = PBXBuildFile; fileRef = 3D026AD126F79D3D00F671E5 /* MASLayoutConstraint.m */; };
		3D026B8C26F79D3F00F671E5 /* NSArray+MASAdditions.m in Sources */ = {isa = PBXBuildFile; fileRef = 3D026AD226F79D3D00F671E5 /* NSArray+MASAdditions.m */; };
		3D026B8D26F79D3F00F671E5 /* View+MASAdditions.m in Sources */ = {isa = PBXBuildFile; fileRef = 3D026AD326F79D3D00F671E5 /* View+MASAdditions.m */; };
		3D026B8E26F79D3F00F671E5 /* MASConstraint.m in Sources */ = {isa = PBXBuildFile; fileRef = 3D026AD626F79D3D00F671E5 /* MASConstraint.m */; };
		3D026B8F26F79D3F00F671E5 /* MASViewConstraint.m in Sources */ = {isa = PBXBuildFile; fileRef = 3D026AD826F79D3D00F671E5 /* MASViewConstraint.m */; };
		3D026B9026F79D3F00F671E5 /* MASViewAttribute.m in Sources */ = {isa = PBXBuildFile; fileRef = 3D026AD926F79D3D00F671E5 /* MASViewAttribute.m */; };
		3D026B9126F79D3F00F671E5 /* Info.plist in Resources */ = {isa = PBXBuildFile; fileRef = 3D026ADA26F79D3D00F671E5 /* Info.plist */; };
		3D026B9226F79D3F00F671E5 /* NSObject+YYModel.m in Sources */ = {isa = PBXBuildFile; fileRef = 3D026ADE26F79D3D00F671E5 /* NSObject+YYModel.m */; };
		3D026B9326F79D3F00F671E5 /* YYClassInfo.m in Sources */ = {isa = PBXBuildFile; fileRef = 3D026ADF26F79D3D00F671E5 /* YYClassInfo.m */; };
		3D026B9426F79D3F00F671E5 /* MBProgressHUD.m in Sources */ = {isa = PBXBuildFile; fileRef = 3D026AE226F79D3D00F671E5 /* MBProgressHUD.m */; };
		3D026B9526F79D3F00F671E5 /* AFURLResponseSerialization.m in Sources */ = {isa = PBXBuildFile; fileRef = 3D026AE926F79D3D00F671E5 /* AFURLResponseSerialization.m */; };
		3D026B9626F79D3F00F671E5 /* AFHTTPSessionManager.m in Sources */ = {isa = PBXBuildFile; fileRef = 3D026AEA26F79D3D00F671E5 /* AFHTTPSessionManager.m */; };
		3D026B9726F79D3F00F671E5 /* AFURLSessionManager.m in Sources */ = {isa = PBXBuildFile; fileRef = 3D026AEC26F79D3D00F671E5 /* AFURLSessionManager.m */; };
		3D026B9826F79D3F00F671E5 /* AFURLRequestSerialization.m in Sources */ = {isa = PBXBuildFile; fileRef = 3D026AED26F79D3D00F671E5 /* AFURLRequestSerialization.m */; };
		3D026B9926F79D3F00F671E5 /* AFNetworkReachabilityManager.m in Sources */ = {isa = PBXBuildFile; fileRef = 3D026AEF26F79D3D00F671E5 /* AFNetworkReachabilityManager.m */; };
		3D026B9A26F79D3F00F671E5 /* AFSecurityPolicy.m in Sources */ = {isa = PBXBuildFile; fileRef = 3D026AF026F79D3D00F671E5 /* AFSecurityPolicy.m */; };
		3D026B9B26F79D3F00F671E5 /* SDImageHEICCoder.m in Sources */ = {isa = PBXBuildFile; fileRef = 3D026AF526F79D3D00F671E5 /* SDImageHEICCoder.m */; };
		3D026B9C26F79D3F00F671E5 /* NSImage+Compatibility.m in Sources */ = {isa = PBXBuildFile; fileRef = 3D026AF726F79D3D00F671E5 /* NSImage+Compatibility.m */; };
		3D026B9D26F79D3F00F671E5 /* SDAnimatedImageView+WebCache.m in Sources */ = {isa = PBXBuildFile; fileRef = 3D026AF926F79D3D00F671E5 /* SDAnimatedImageView+WebCache.m */; };
		3D026B9E26F79D3F00F671E5 /* SDImageCoder.m in Sources */ = {isa = PBXBuildFile; fileRef = 3D026AFB26F79D3D00F671E5 /* SDImageCoder.m */; };
		3D026B9F26F79D3F00F671E5 /* SDWebImageOperation.m in Sources */ = {isa = PBXBuildFile; fileRef = 3D026AFE26F79D3D00F671E5 /* SDWebImageOperation.m */; };
		3D026BA026F79D3F00F671E5 /* SDWebImageDownloaderDecryptor.m in Sources */ = {isa = PBXBuildFile; fileRef = 3D026B0126F79D3D00F671E5 /* SDWebImageDownloaderDecryptor.m */; };
		3D026BA126F79D3F00F671E5 /* SDWebImageManager.m in Sources */ = {isa = PBXBuildFile; fileRef = 3D026B0526F79D3D00F671E5 /* SDWebImageManager.m */; };
		3D026BA226F79D3F00F671E5 /* SDImageIOAnimatedCoder.m in Sources */ = {isa = PBXBuildFile; fileRef = 3D026B0726F79D3D00F671E5 /* SDImageIOAnimatedCoder.m */; };
		3D026BA326F79D3F00F671E5 /* UIImageView+HighlightedWebCache.m in Sources */ = {isa = PBXBuildFile; fileRef = 3D026B0926F79D3D00F671E5 /* UIImageView+HighlightedWebCache.m */; };
		3D026BA426F79D3F00F671E5 /* SDAnimatedImage.m in Sources */ = {isa = PBXBuildFile; fileRef = 3D026B0E26F79D3D00F671E5 /* SDAnimatedImage.m */; };
		3D026BA526F79D3F00F671E5 /* SDAnimatedImageView.m in Sources */ = {isa = PBXBuildFile; fileRef = 3D026B0F26F79D3D00F671E5 /* SDAnimatedImageView.m */; };
		3D026BA626F79D3F00F671E5 /* UIImage+ForceDecode.m in Sources */ = {isa = PBXBuildFile; fileRef = 3D026B1026F79D3D00F671E5 /* UIImage+ForceDecode.m */; };
		3D026BA726F79D3F00F671E5 /* SDImageAWebPCoder.m in Sources */ = {isa = PBXBuildFile; fileRef = 3D026B1226F79D3D00F671E5 /* SDImageAWebPCoder.m */; };
		3D026BA826F79D3F00F671E5 /* SDAnimatedImagePlayer.m in Sources */ = {isa = PBXBuildFile; fileRef = 3D026B1426F79D3D00F671E5 /* SDAnimatedImagePlayer.m */; };
		3D026BA926F79D3F00F671E5 /* UIImage+Transform.m in Sources */ = {isa = PBXBuildFile; fileRef = 3D026B1526F79D3D00F671E5 /* UIImage+Transform.m */; };
		3D026BAA26F79D3F00F671E5 /* SDWebImageDownloader.m in Sources */ = {isa = PBXBuildFile; fileRef = 3D026B1726F79D3D00F671E5 /* SDWebImageDownloader.m */; };
		3D026BAB26F79D3F00F671E5 /* SDImageLoader.m in Sources */ = {isa = PBXBuildFile; fileRef = 3D026B1926F79D3D00F671E5 /* SDImageLoader.m */; };
		3D026BAC26F79D3F00F671E5 /* SDWebImageCacheSerializer.m in Sources */ = {isa = PBXBuildFile; fileRef = 3D026B1A26F79D3D00F671E5 /* SDWebImageCacheSerializer.m */; };
		3D026BAD26F79D3F00F671E5 /* SDWebImageIndicator.m in Sources */ = {isa = PBXBuildFile; fileRef = 3D026B1B26F79D3D00F671E5 /* SDWebImageIndicator.m */; };
		3D026BAE26F79D3F00F671E5 /* SDGraphicsImageRenderer.m in Sources */ = {isa = PBXBuildFile; fileRef = 3D026B1C26F79D3D00F671E5 /* SDGraphicsImageRenderer.m */; };
		3D026BAF26F79D3F00F671E5 /* UIImage+GIF.m in Sources */ = {isa = PBXBuildFile; fileRef = 3D026B1D26F79D3D00F671E5 /* UIImage+GIF.m */; };
		3D026BB026F79D3F00F671E5 /* SDImageCodersManager.m in Sources */ = {isa = PBXBuildFile; fileRef = 3D026B1E26F79D3D00F671E5 /* SDImageCodersManager.m */; };
		3D026BB126F79D3F00F671E5 /* UIImage+MultiFormat.m in Sources */ = {isa = PBXBuildFile; fileRef = 3D026B2126F79D3D00F671E5 /* UIImage+MultiFormat.m */; };
		3D026BB226F79D3F00F671E5 /* SDMemoryCache.m in Sources */ = {isa = PBXBuildFile; fileRef = 3D026B2226F79D3D00F671E5 /* SDMemoryCache.m */; };
		3D026BB326F79D3F00F671E5 /* SDWebImageCompat.m in Sources */ = {isa = PBXBuildFile; fileRef = 3D026B2426F79D3D00F671E5 /* SDWebImageCompat.m */; };
		3D026BB426F79D3F00F671E5 /* SDImageAPNGCoder.m in Sources */ = {isa = PBXBuildFile; fileRef = 3D026B2526F79D3D00F671E5 /* SDImageAPNGCoder.m */; };
		3D026BB526F79D3F00F671E5 /* SDWebImageDownloaderResponseModifier.m in Sources */ = {isa = PBXBuildFile; fileRef = 3D026B2626F79D3D00F671E5 /* SDWebImageDownloaderResponseModifier.m */; };
		3D026BB626F79D3F00F671E5 /* SDWebImageError.m in Sources */ = {isa = PBXBuildFile; fileRef = 3D026B2726F79D3D00F671E5 /* SDWebImageError.m */; };
		3D026BB726F79D3F00F671E5 /* SDWebImagePrefetcher.m in Sources */ = {isa = PBXBuildFile; fileRef = 3D026B2826F79D3D00F671E5 /* SDWebImagePrefetcher.m */; };
		3D026BB826F79D3F00F671E5 /* SDImageCoderHelper.m in Sources */ = {isa = PBXBuildFile; fileRef = 3D026B2926F79D3D00F671E5 /* SDImageCoderHelper.m */; };
		3D026BB926F79D3F00F671E5 /* NSButton+WebCache.m in Sources */ = {isa = PBXBuildFile; fileRef = 3D026B2E26F79D3D00F671E5 /* NSButton+WebCache.m */; };
		3D026BBA26F79D3F00F671E5 /* SDImageIOCoder.m in Sources */ = {isa = PBXBuildFile; fileRef = 3D026B3026F79D3D00F671E5 /* SDImageIOCoder.m */; };
		3D026BBB26F79D3F00F671E5 /* SDDiskCache.m in Sources */ = {isa = PBXBuildFile; fileRef = 3D026B3226F79D3D00F671E5 /* SDDiskCache.m */; };
		3D026BBC26F79D3F00F671E5 /* SDAnimatedImageRep.m in Sources */ = {isa = PBXBuildFile; fileRef = 3D026B3426F79D3D00F671E5 /* SDAnimatedImageRep.m */; };
		3D026BBD26F79D3F00F671E5 /* UIImage+ExtendedCacheData.m in Sources */ = {isa = PBXBuildFile; fileRef = 3D026B3626F79D3D00F671E5 /* UIImage+ExtendedCacheData.m */; };
		3D026BBE26F79D3F00F671E5 /* SDWebImageDownloaderConfig.m in Sources */ = {isa = PBXBuildFile; fileRef = 3D026B3826F79D3D00F671E5 /* SDWebImageDownloaderConfig.m */; };
		3D026BBF26F79D3F00F671E5 /* SDImageCache.m in Sources */ = {isa = PBXBuildFile; fileRef = 3D026B3A26F79D3D00F671E5 /* SDImageCache.m */; };
		3D026BC026F79D3F00F671E5 /* SDImageGIFCoder.m in Sources */ = {isa = PBXBuildFile; fileRef = 3D026B3B26F79D3D00F671E5 /* SDImageGIFCoder.m */; };
		3D026BC126F79D3F00F671E5 /* SDImageFrame.m in Sources */ = {isa = PBXBuildFile; fileRef = 3D026B3D26F79D3E00F671E5 /* SDImageFrame.m */; };
		3D026BC226F79D3F00F671E5 /* SDWebImageDownloaderOperation.m in Sources */ = {isa = PBXBuildFile; fileRef = 3D026B3E26F79D3E00F671E5 /* SDWebImageDownloaderOperation.m */; };
		3D026BC326F79D3F00F671E5 /* SDImageLoadersManager.m in Sources */ = {isa = PBXBuildFile; fileRef = 3D026B4026F79D3E00F671E5 /* SDImageLoadersManager.m */; };
		3D026BC426F79D3F00F671E5 /* SDImageCachesManager.m in Sources */ = {isa = PBXBuildFile; fileRef = 3D026B4126F79D3E00F671E5 /* SDImageCachesManager.m */; };
		3D026BC526F79D3F00F671E5 /* SDWebImageTransition.m in Sources */ = {isa = PBXBuildFile; fileRef = 3D026B4226F79D3E00F671E5 /* SDWebImageTransition.m */; };
		3D026BC626F79D3F00F671E5 /* SDImageTransformer.m in Sources */ = {isa = PBXBuildFile; fileRef = 3D026B4426F79D3E00F671E5 /* SDImageTransformer.m */; };
		3D026BC726F79D3F00F671E5 /* NSData+ImageContentType.m in Sources */ = {isa = PBXBuildFile; fileRef = 3D026B4526F79D3E00F671E5 /* NSData+ImageContentType.m */; };
		3D026BC826F79D3F00F671E5 /* UIImageView+WebCache.m in Sources */ = {isa = PBXBuildFile; fileRef = 3D026B4626F79D3E00F671E5 /* UIImageView+WebCache.m */; };
		3D026BC926F79D3F00F671E5 /* SDImageGraphics.m in Sources */ = {isa = PBXBuildFile; fileRef = 3D026B4926F79D3E00F671E5 /* SDImageGraphics.m */; };
		3D026BCA26F79D3F00F671E5 /* SDImageCacheDefine.m in Sources */ = {isa = PBXBuildFile; fileRef = 3D026B4E26F79D3E00F671E5 /* SDImageCacheDefine.m */; };
		3D026BCB26F79D3F00F671E5 /* UIImage+MemoryCacheCost.m in Sources */ = {isa = PBXBuildFile; fileRef = 3D026B5026F79D3E00F671E5 /* UIImage+MemoryCacheCost.m */; };
		3D026BCC26F79D3F00F671E5 /* SDImageCacheConfig.m in Sources */ = {isa = PBXBuildFile; fileRef = 3D026B5326F79D3E00F671E5 /* SDImageCacheConfig.m */; };
		3D026BCD26F79D3F00F671E5 /* SDWebImageCacheKeyFilter.m in Sources */ = {isa = PBXBuildFile; fileRef = 3D026B5426F79D3E00F671E5 /* SDWebImageCacheKeyFilter.m */; };
		3D026BCE26F79D3F00F671E5 /* SDWebImageDefine.m in Sources */ = {isa = PBXBuildFile; fileRef = 3D026B5726F79D3E00F671E5 /* SDWebImageDefine.m */; };
		3D026BCF26F79D3F00F671E5 /* SDWebImageOptionsProcessor.m in Sources */ = {isa = PBXBuildFile; fileRef = 3D026B5926F79D3E00F671E5 /* SDWebImageOptionsProcessor.m */; };
		3D026BD026F79D3F00F671E5 /* UIView+WebCacheOperation.m in Sources */ = {isa = PBXBuildFile; fileRef = 3D026B5A26F79D3E00F671E5 /* UIView+WebCacheOperation.m */; };
		3D026BD126F79D3F00F671E5 /* UIView+WebCache.m in Sources */ = {isa = PBXBuildFile; fileRef = 3D026B5B26F79D3E00F671E5 /* UIView+WebCache.m */; };
		3D026BD226F79D3F00F671E5 /* UIImage+Metadata.m in Sources */ = {isa = PBXBuildFile; fileRef = 3D026B6226F79D3E00F671E5 /* UIImage+Metadata.m */; };
		3D026BD326F79D3F00F671E5 /* UIButton+WebCache.m in Sources */ = {isa = PBXBuildFile; fileRef = 3D026B6426F79D3E00F671E5 /* UIButton+WebCache.m */; };
		3D026BD426F79D3F00F671E5 /* SDWebImageDownloaderRequestModifier.m in Sources */ = {isa = PBXBuildFile; fileRef = 3D026B6526F79D3E00F671E5 /* SDWebImageDownloaderRequestModifier.m */; };
/* End PBXBuildFile section */

/* Begin PBXFileReference section */
		3D026AA326F78FA500F671E5 /* iOS_Template.app */ = {isa = PBXFileReference; explicitFileType = wrapper.application; includeInIndex = 0; path = iOS_Template.app; sourceTree = BUILT_PRODUCTS_DIR; };
		3D026AA626F78FA500F671E5 /* AppDelegate.h */ = {isa = PBXFileReference; lastKnownFileType = sourcecode.c.h; path = AppDelegate.h; sourceTree = "<group>"; };
		3D026AA726F78FA600F671E5 /* AppDelegate.m */ = {isa = PBXFileReference; lastKnownFileType = sourcecode.c.objc; path = AppDelegate.m; sourceTree = "<group>"; };
		3D026AA926F78FA600F671E5 /* SceneDelegate.h */ = {isa = PBXFileReference; lastKnownFileType = sourcecode.c.h; path = SceneDelegate.h; sourceTree = "<group>"; };
		3D026AAA26F78FA600F671E5 /* SceneDelegate.m */ = {isa = PBXFileReference; lastKnownFileType = sourcecode.c.objc; path = SceneDelegate.m; sourceTree = "<group>"; };
		3D026AAC26F78FA600F671E5 /* ViewController.h */ = {isa = PBXFileReference; lastKnownFileType = sourcecode.c.h; path = ViewController.h; sourceTree = "<group>"; };
		3D026AAD26F78FA600F671E5 /* ViewController.m */ = {isa = PBXFileReference; lastKnownFileType = sourcecode.c.objc; path = ViewController.m; sourceTree = "<group>"; };
		3D026AB026F78FA600F671E5 /* Base */ = {isa = PBXFileReference; lastKnownFileType = file.storyboard; name = Base; path = Base.lproj/Main.storyboard; sourceTree = "<group>"; };
		3D026AB226F78FBF00F671E5 /* Assets.xcassets */ = {isa = PBXFileReference; lastKnownFileType = folder.assetcatalog; path = Assets.xcassets; sourceTree = "<group>"; };
		3D026AB526F78FBF00F671E5 /* Base */ = {isa = PBXFileReference; lastKnownFileType = file.storyboard; name = Base; path = Base.lproj/LaunchScreen.storyboard; sourceTree = "<group>"; };
		3D026AB726F78FBF00F671E5 /* Info.plist */ = {isa = PBXFileReference; lastKnownFileType = text.plist.xml; path = Info.plist; sourceTree = "<group>"; };
		3D026AB826F78FBF00F671E5 /* main.m */ = {isa = PBXFileReference; lastKnownFileType = sourcecode.c.objc; path = main.m; sourceTree = "<group>"; };
		3D026AC126F79D3D00F671E5 /* MASCompositeConstraint.h */ = {isa = PBXFileReference; fileEncoding = 4; lastKnownFileType = sourcecode.c.h; path = MASCompositeConstraint.h; sourceTree = "<group>"; };
		3D026AC226F79D3D00F671E5 /* NSLayoutConstraint+MASDebugAdditions.m */ = {isa = PBXFileReference; fileEncoding = 4; lastKnownFileType = sourcecode.c.objc; path = "NSLayoutConstraint+MASDebugAdditions.m"; sourceTree = "<group>"; };
		3D026AC326F79D3D00F671E5 /* MASConstraint+Private.h */ = {isa = PBXFileReference; fileEncoding = 4; lastKnownFileType = sourcecode.c.h; path = "MASConstraint+Private.h"; sourceTree = "<group>"; };
		3D026AC426F79D3D00F671E5 /* MASLayoutConstraint.h */ = {isa = PBXFileReference; fileEncoding = 4; lastKnownFileType = sourcecode.c.h; path = MASLayoutConstraint.h; sourceTree = "<group>"; };
		3D026AC526F79D3D00F671E5 /* NSArray+MASShorthandAdditions.h */ = {isa = PBXFileReference; fileEncoding = 4; lastKnownFileType = sourcecode.c.h; path = "NSArray+MASShorthandAdditions.h"; sourceTree = "<group>"; };
		3D026AC626F79D3D00F671E5 /* MASConstraintMaker.h */ = {isa = PBXFileReference; fileEncoding = 4; lastKnownFileType = sourcecode.c.h; path = MASConstraintMaker.h; sourceTree = "<group>"; };
		3D026AC726F79D3D00F671E5 /* View+MASAdditions.h */ = {isa = PBXFileReference; fileEncoding = 4; lastKnownFileType = sourcecode.c.h; path = "View+MASAdditions.h"; sourceTree = "<group>"; };
		3D026AC826F79D3D00F671E5 /* NSArray+MASAdditions.h */ = {isa = PBXFileReference; fileEncoding = 4; lastKnownFileType = sourcecode.c.h; path = "NSArray+MASAdditions.h"; sourceTree = "<group>"; };
		3D026AC926F79D3D00F671E5 /* MASUtilities.h */ = {isa = PBXFileReference; fileEncoding = 4; lastKnownFileType = sourcecode.c.h; path = MASUtilities.h; sourceTree = "<group>"; };
		3D026ACA26F79D3D00F671E5 /* MASViewAttribute.h */ = {isa = PBXFileReference; fileEncoding = 4; lastKnownFileType = sourcecode.c.h; path = MASViewAttribute.h; sourceTree = "<group>"; };
		3D026ACB26F79D3D00F671E5 /* ViewController+MASAdditions.m */ = {isa = PBXFileReference; fileEncoding = 4; lastKnownFileType = sourcecode.c.objc; path = "ViewController+MASAdditions.m"; sourceTree = "<group>"; };
		3D026ACC26F79D3D00F671E5 /* MASViewConstraint.h */ = {isa = PBXFileReference; fileEncoding = 4; lastKnownFileType = sourcecode.c.h; path = MASViewConstraint.h; sourceTree = "<group>"; };
		3D026ACD26F79D3D00F671E5 /* MASConstraint.h */ = {isa = PBXFileReference; fileEncoding = 4; lastKnownFileType = sourcecode.c.h; path = MASConstraint.h; sourceTree = "<group>"; };
		3D026ACE26F79D3D00F671E5 /* NSLayoutConstraint+MASDebugAdditions.h */ = {isa = PBXFileReference; fileEncoding = 4; lastKnownFileType = sourcecode.c.h; path = "NSLayoutConstraint+MASDebugAdditions.h"; sourceTree = "<group>"; };
		3D026ACF26F79D3D00F671E5 /* MASCompositeConstraint.m */ = {isa = PBXFileReference; fileEncoding = 4; lastKnownFileType = sourcecode.c.objc; path = MASCompositeConstraint.m; sourceTree = "<group>"; };
		3D026AD026F79D3D00F671E5 /* MASConstraintMaker.m */ = {isa = PBXFileReference; fileEncoding = 4; lastKnownFileType = sourcecode.c.objc; path = MASConstraintMaker.m; sourceTree = "<group>"; };
		3D026AD126F79D3D00F671E5 /* MASLayoutConstraint.m */ = {isa = PBXFileReference; fileEncoding = 4; lastKnownFileType = sourcecode.c.objc; path = MASLayoutConstraint.m; sourceTree = "<group>"; };
		3D026AD226F79D3D00F671E5 /* NSArray+MASAdditions.m */ = {isa = PBXFileReference; fileEncoding = 4; lastKnownFileType = sourcecode.c.objc; path = "NSArray+MASAdditions.m"; sourceTree = "<group>"; };
		3D026AD326F79D3D00F671E5 /* View+MASAdditions.m */ = {isa = PBXFileReference; fileEncoding = 4; lastKnownFileType = sourcecode.c.objc; path = "View+MASAdditions.m"; sourceTree = "<group>"; };
		3D026AD426F79D3D00F671E5 /* View+MASShorthandAdditions.h */ = {isa = PBXFileReference; fileEncoding = 4; lastKnownFileType = sourcecode.c.h; path = "View+MASShorthandAdditions.h"; sourceTree = "<group>"; };
		3D026AD526F79D3D00F671E5 /* Masonry.h */ = {isa = PBXFileReference; fileEncoding = 4; lastKnownFileType = sourcecode.c.h; path = Masonry.h; sourceTree = "<group>"; };
		3D026AD626F79D3D00F671E5 /* MASConstraint.m */ = {isa = PBXFileReference; fileEncoding = 4; lastKnownFileType = sourcecode.c.objc; path = MASConstraint.m; sourceTree = "<group>"; };
		3D026AD726F79D3D00F671E5 /* ViewController+MASAdditions.h */ = {isa = PBXFileReference; fileEncoding = 4; lastKnownFileType = sourcecode.c.h; path = "ViewController+MASAdditions.h"; sourceTree = "<group>"; };
		3D026AD826F79D3D00F671E5 /* MASViewConstraint.m */ = {isa = PBXFileReference; fileEncoding = 4; lastKnownFileType = sourcecode.c.objc; path = MASViewConstraint.m; sourceTree = "<group>"; };
		3D026AD926F79D3D00F671E5 /* MASViewAttribute.m */ = {isa = PBXFileReference; fileEncoding = 4; lastKnownFileType = sourcecode.c.objc; path = MASViewAttribute.m; sourceTree = "<group>"; };
		3D026ADA26F79D3D00F671E5 /* Info.plist */ = {isa = PBXFileReference; fileEncoding = 4; lastKnownFileType = text.plist.xml; path = Info.plist; sourceTree = "<group>"; };
		3D026ADC26F79D3D00F671E5 /* YYClassInfo.h */ = {isa = PBXFileReference; fileEncoding = 4; lastKnownFileType = sourcecode.c.h; path = YYClassInfo.h; sourceTree = "<group>"; };
		3D026ADD26F79D3D00F671E5 /* YYModel.h */ = {isa = PBXFileReference; fileEncoding = 4; lastKnownFileType = sourcecode.c.h; path = YYModel.h; sourceTree = "<group>"; };
		3D026ADE26F79D3D00F671E5 /* NSObject+YYModel.m */ = {isa = PBXFileReference; fileEncoding = 4; lastKnownFileType = sourcecode.c.objc; path = "NSObject+YYModel.m"; sourceTree = "<group>"; };
		3D026ADF26F79D3D00F671E5 /* YYClassInfo.m */ = {isa = PBXFileReference; fileEncoding = 4; lastKnownFileType = sourcecode.c.objc; path = YYClassInfo.m; sourceTree = "<group>"; };
		3D026AE026F79D3D00F671E5 /* NSObject+YYModel.h */ = {isa = PBXFileReference; fileEncoding = 4; lastKnownFileType = sourcecode.c.h; path = "NSObject+YYModel.h"; sourceTree = "<group>"; };
		3D026AE226F79D3D00F671E5 /* MBProgressHUD.m */ = {isa = PBXFileReference; fileEncoding = 4; lastKnownFileType = sourcecode.c.objc; path = MBProgressHUD.m; sourceTree = "<group>"; };
		3D026AE326F79D3D00F671E5 /* MBProgressHUD.h */ = {isa = PBXFileReference; fileEncoding = 4; lastKnownFileType = sourcecode.c.h; path = MBProgressHUD.h; sourceTree = "<group>"; };
		3D026AE526F79D3D00F671E5 /* AFSecurityPolicy.h */ = {isa = PBXFileReference; fileEncoding = 4; lastKnownFileType = sourcecode.c.h; path = AFSecurityPolicy.h; sourceTree = "<group>"; };
		3D026AE626F79D3D00F671E5 /* AFNetworkReachabilityManager.h */ = {isa = PBXFileReference; fileEncoding = 4; lastKnownFileType = sourcecode.c.h; path = AFNetworkReachabilityManager.h; sourceTree = "<group>"; };
		3D026AE726F79D3D00F671E5 /* AFURLSessionManager.h */ = {isa = PBXFileReference; fileEncoding = 4; lastKnownFileType = sourcecode.c.h; path = AFURLSessionManager.h; sourceTree = "<group>"; };
		3D026AE826F79D3D00F671E5 /* AFURLRequestSerialization.h */ = {isa = PBXFileReference; fileEncoding = 4; lastKnownFileType = sourcecode.c.h; path = AFURLRequestSerialization.h; sourceTree = "<group>"; };
		3D026AE926F79D3D00F671E5 /* AFURLResponseSerialization.m */ = {isa = PBXFileReference; fileEncoding = 4; lastKnownFileType = sourcecode.c.objc; path = AFURLResponseSerialization.m; sourceTree = "<group>"; };
		3D026AEA26F79D3D00F671E5 /* AFHTTPSessionManager.m */ = {isa = PBXFileReference; fileEncoding = 4; lastKnownFileType = sourcecode.c.objc; path = AFHTTPSessionManager.m; sourceTree = "<group>"; };
		3D026AEB26F79D3D00F671E5 /* AFURLResponseSerialization.h */ = {isa = PBXFileReference; fileEncoding = 4; lastKnownFileType = sourcecode.c.h; path = AFURLResponseSerialization.h; sourceTree = "<group>"; };
		3D026AEC26F79D3D00F671E5 /* AFURLSessionManager.m */ = {isa = PBXFileReference; fileEncoding = 4; lastKnownFileType = sourcecode.c.objc; path = AFURLSessionManager.m; sourceTree = "<group>"; };
		3D026AED26F79D3D00F671E5 /* AFURLRequestSerialization.m */ = {isa = PBXFileReference; fileEncoding = 4; lastKnownFileType = sourcecode.c.objc; path = AFURLRequestSerialization.m; sourceTree = "<group>"; };
		3D026AEE26F79D3D00F671E5 /* AFNetworking.h */ = {isa = PBXFileReference; fileEncoding = 4; lastKnownFileType = sourcecode.c.h; path = AFNetworking.h; sourceTree = "<group>"; };
		3D026AEF26F79D3D00F671E5 /* AFNetworkReachabilityManager.m */ = {isa = PBXFileReference; fileEncoding = 4; lastKnownFileType = sourcecode.c.objc; path = AFNetworkReachabilityManager.m; sourceTree = "<group>"; };
		3D026AF026F79D3D00F671E5 /* AFSecurityPolicy.m */ = {isa = PBXFileReference; fileEncoding = 4; lastKnownFileType = sourcecode.c.objc; path = AFSecurityPolicy.m; sourceTree = "<group>"; };
		3D026AF126F79D3D00F671E5 /* AFCompatibilityMacros.h */ = {isa = PBXFileReference; fileEncoding = 4; lastKnownFileType = sourcecode.c.h; path = AFCompatibilityMacros.h; sourceTree = "<group>"; };
		3D026AF226F79D3D00F671E5 /* AFHTTPSessionManager.h */ = {isa = PBXFileReference; fileEncoding = 4; lastKnownFileType = sourcecode.c.h; path = AFHTTPSessionManager.h; sourceTree = "<group>"; };
		3D026AF426F79D3D00F671E5 /* UIImage+ExtendedCacheData.h */ = {isa = PBXFileReference; fileEncoding = 4; lastKnownFileType = sourcecode.c.h; path = "UIImage+ExtendedCacheData.h"; sourceTree = "<group>"; };
		3D026AF526F79D3D00F671E5 /* SDImageHEICCoder.m */ = {isa = PBXFileReference; fileEncoding = 4; lastKnownFileType = sourcecode.c.objc; path = SDImageHEICCoder.m; sourceTree = "<group>"; };
		3D026AF626F79D3D00F671E5 /* SDAnimatedImageRep.h */ = {isa = PBXFileReference; fileEncoding = 4; lastKnownFileType = sourcecode.c.h; path = SDAnimatedImageRep.h; sourceTree = "<group>"; };
		3D026AF726F79D3D00F671E5 /* NSImage+Compatibility.m */ = {isa = PBXFileReference; fileEncoding = 4; lastKnownFileType = sourcecode.c.objc; path = "NSImage+Compatibility.m"; sourceTree = "<group>"; };
		3D026AF826F79D3D00F671E5 /* SDDiskCache.h */ = {isa = PBXFileReference; fileEncoding = 4; lastKnownFileType = sourcecode.c.h; path = SDDiskCache.h; sourceTree = "<group>"; };
		3D026AF926F79D3D00F671E5 /* SDAnimatedImageView+WebCache.m */ = {isa = PBXFileReference; fileEncoding = 4; lastKnownFileType = sourcecode.c.objc; path = "SDAnimatedImageView+WebCache.m"; sourceTree = "<group>"; };
		3D026AFA26F79D3D00F671E5 /* SDImageIOCoder.h */ = {isa = PBXFileReference; fileEncoding = 4; lastKnownFileType = sourcecode.c.h; path = SDImageIOCoder.h; sourceTree = "<group>"; };
		3D026AFB26F79D3D00F671E5 /* SDImageCoder.m */ = {isa = PBXFileReference; fileEncoding = 4; lastKnownFileType = sourcecode.c.objc; path = SDImageCoder.m; sourceTree = "<group>"; };
		3D026AFC26F79D3D00F671E5 /* NSButton+WebCache.h */ = {isa = PBXFileReference; fileEncoding = 4; lastKnownFileType = sourcecode.c.h; path = "NSButton+WebCache.h"; sourceTree = "<group>"; };
		3D026AFD26F79D3D00F671E5 /* SDImageGraphics.h */ = {isa = PBXFileReference; fileEncoding = 4; lastKnownFileType = sourcecode.c.h; path = SDImageGraphics.h; sourceTree = "<group>"; };
		3D026AFE26F79D3D00F671E5 /* SDWebImageOperation.m */ = {isa = PBXFileReference; fileEncoding = 4; lastKnownFileType = sourcecode.c.objc; path = SDWebImageOperation.m; sourceTree = "<group>"; };
		3D026AFF26F79D3D00F671E5 /* UIImageView+WebCache.h */ = {isa = PBXFileReference; fileEncoding = 4; lastKnownFileType = sourcecode.c.h; path = "UIImageView+WebCache.h"; sourceTree = "<group>"; };
		3D026B0026F79D3D00F671E5 /* NSData+ImageContentType.h */ = {isa = PBXFileReference; fileEncoding = 4; lastKnownFileType = sourcecode.c.h; path = "NSData+ImageContentType.h"; sourceTree = "<group>"; };
		3D026B0126F79D3D00F671E5 /* SDWebImageDownloaderDecryptor.m */ = {isa = PBXFileReference; fileEncoding = 4; lastKnownFileType = sourcecode.c.objc; path = SDWebImageDownloaderDecryptor.m; sourceTree = "<group>"; };
		3D026B0226F79D3D00F671E5 /* SDImageTransformer.h */ = {isa = PBXFileReference; fileEncoding = 4; lastKnownFileType = sourcecode.c.h; path = SDImageTransformer.h; sourceTree = "<group>"; };
		3D026B0326F79D3D00F671E5 /* SDImageCachesManager.h */ = {isa = PBXFileReference; fileEncoding = 4; lastKnownFileType = sourcecode.c.h; path = SDImageCachesManager.h; sourceTree = "<group>"; };
		3D026B0426F79D3D00F671E5 /* SDWebImageTransition.h */ = {isa = PBXFileReference; fileEncoding = 4; lastKnownFileType = sourcecode.c.h; path = SDWebImageTransition.h; sourceTree = "<group>"; };
		3D026B0526F79D3D00F671E5 /* SDWebImageManager.m */ = {isa = PBXFileReference; fileEncoding = 4; lastKnownFileType = sourcecode.c.objc; path = SDWebImageManager.m; sourceTree = "<group>"; };
		3D026B0626F79D3D00F671E5 /* SDImageLoadersManager.h */ = {isa = PBXFileReference; fileEncoding = 4; lastKnownFileType = sourcecode.c.h; path = SDImageLoadersManager.h; sourceTree = "<group>"; };
		3D026B0726F79D3D00F671E5 /* SDImageIOAnimatedCoder.m */ = {isa = PBXFileReference; fileEncoding = 4; lastKnownFileType = sourcecode.c.objc; path = SDImageIOAnimatedCoder.m; sourceTree = "<group>"; };
		3D026B0826F79D3D00F671E5 /* SDWebImageDownloaderOperation.h */ = {isa = PBXFileReference; fileEncoding = 4; lastKnownFileType = sourcecode.c.h; path = SDWebImageDownloaderOperation.h; sourceTree = "<group>"; };
		3D026B0926F79D3D00F671E5 /* UIImageView+HighlightedWebCache.m */ = {isa = PBXFileReference; fileEncoding = 4; lastKnownFileType = sourcecode.c.objc; path = "UIImageView+HighlightedWebCache.m"; sourceTree = "<group>"; };
		3D026B0A26F79D3D00F671E5 /* SDImageFrame.h */ = {isa = PBXFileReference; fileEncoding = 4; lastKnownFileType = sourcecode.c.h; path = SDImageFrame.h; sourceTree = "<group>"; };
		3D026B0B26F79D3D00F671E5 /* SDImageGIFCoder.h */ = {isa = PBXFileReference; fileEncoding = 4; lastKnownFileType = sourcecode.c.h; path = SDImageGIFCoder.h; sourceTree = "<group>"; };
		3D026B0C26F79D3D00F671E5 /* SDImageCache.h */ = {isa = PBXFileReference; fileEncoding = 4; lastKnownFileType = sourcecode.c.h; path = SDImageCache.h; sourceTree = "<group>"; };
		3D026B0D26F79D3D00F671E5 /* SDWebImageDownloaderConfig.h */ = {isa = PBXFileReference; fileEncoding = 4; lastKnownFileType = sourcecode.c.h; path = SDWebImageDownloaderConfig.h; sourceTree = "<group>"; };
		3D026B0E26F79D3D00F671E5 /* SDAnimatedImage.m */ = {isa = PBXFileReference; fileEncoding = 4; lastKnownFileType = sourcecode.c.objc; path = SDAnimatedImage.m; sourceTree = "<group>"; };
		3D026B0F26F79D3D00F671E5 /* SDAnimatedImageView.m */ = {isa = PBXFileReference; fileEncoding = 4; lastKnownFileType = sourcecode.c.objc; path = SDAnimatedImageView.m; sourceTree = "<group>"; };
		3D026B1026F79D3D00F671E5 /* UIImage+ForceDecode.m */ = {isa = PBXFileReference; fileEncoding = 4; lastKnownFileType = sourcecode.c.objc; path = "UIImage+ForceDecode.m"; sourceTree = "<group>"; };
		3D026B1126F79D3D00F671E5 /* SDImageCacheConfig.h */ = {isa = PBXFileReference; fileEncoding = 4; lastKnownFileType = sourcecode.c.h; path = SDImageCacheConfig.h; sourceTree = "<group>"; };
		3D026B1226F79D3D00F671E5 /* SDImageAWebPCoder.m */ = {isa = PBXFileReference; fileEncoding = 4; lastKnownFileType = sourcecode.c.objc; path = SDImageAWebPCoder.m; sourceTree = "<group>"; };
		3D026B1326F79D3D00F671E5 /* SDWebImageCacheKeyFilter.h */ = {isa = PBXFileReference; fileEncoding = 4; lastKnownFileType = sourcecode.c.h; path = SDWebImageCacheKeyFilter.h; sourceTree = "<group>"; };
		3D026B1426F79D3D00F671E5 /* SDAnimatedImagePlayer.m */ = {isa = PBXFileReference; fileEncoding = 4; lastKnownFileType = sourcecode.c.objc; path = SDAnimatedImagePlayer.m; sourceTree = "<group>"; };
		3D026B1526F79D3D00F671E5 /* UIImage+Transform.m */ = {isa = PBXFileReference; fileEncoding = 4; lastKnownFileType = sourcecode.c.objc; path = "UIImage+Transform.m"; sourceTree = "<group>"; };
		3D026B1626F79D3D00F671E5 /* UIImage+MemoryCacheCost.h */ = {isa = PBXFileReference; fileEncoding = 4; lastKnownFileType = sourcecode.c.h; path = "UIImage+MemoryCacheCost.h"; sourceTree = "<group>"; };
		3D026B1726F79D3D00F671E5 /* SDWebImageDownloader.m */ = {isa = PBXFileReference; fileEncoding = 4; lastKnownFileType = sourcecode.c.objc; path = SDWebImageDownloader.m; sourceTree = "<group>"; };
		3D026B1826F79D3D00F671E5 /* SDImageCacheDefine.h */ = {isa = PBXFileReference; fileEncoding = 4; lastKnownFileType = sourcecode.c.h; path = SDImageCacheDefine.h; sourceTree = "<group>"; };
		3D026B1926F79D3D00F671E5 /* SDImageLoader.m */ = {isa = PBXFileReference; fileEncoding = 4; lastKnownFileType = sourcecode.c.objc; path = SDImageLoader.m; sourceTree = "<group>"; };
		3D026B1A26F79D3D00F671E5 /* SDWebImageCacheSerializer.m */ = {isa = PBXFileReference; fileEncoding = 4; lastKnownFileType = sourcecode.c.objc; path = SDWebImageCacheSerializer.m; sourceTree = "<group>"; };
		3D026B1B26F79D3D00F671E5 /* SDWebImageIndicator.m */ = {isa = PBXFileReference; fileEncoding = 4; lastKnownFileType = sourcecode.c.objc; path = SDWebImageIndicator.m; sourceTree = "<group>"; };
		3D026B1C26F79D3D00F671E5 /* SDGraphicsImageRenderer.m */ = {isa = PBXFileReference; fileEncoding = 4; lastKnownFileType = sourcecode.c.objc; path = SDGraphicsImageRenderer.m; sourceTree = "<group>"; };
		3D026B1D26F79D3D00F671E5 /* UIImage+GIF.m */ = {isa = PBXFileReference; fileEncoding = 4; lastKnownFileType = sourcecode.c.objc; path = "UIImage+GIF.m"; sourceTree = "<group>"; };
		3D026B1E26F79D3D00F671E5 /* SDImageCodersManager.m */ = {isa = PBXFileReference; fileEncoding = 4; lastKnownFileType = sourcecode.c.objc; path = SDImageCodersManager.m; sourceTree = "<group>"; };
		3D026B1F26F79D3D00F671E5 /* UIButton+WebCache.h */ = {isa = PBXFileReference; fileEncoding = 4; lastKnownFileType = sourcecode.c.h; path = "UIButton+WebCache.h"; sourceTree = "<group>"; };
		3D026B2026F79D3D00F671E5 /* SDWebImageDownloaderRequestModifier.h */ = {isa = PBXFileReference; fileEncoding = 4; lastKnownFileType = sourcecode.c.h; path = SDWebImageDownloaderRequestModifier.h; sourceTree = "<group>"; };
		3D026B2126F79D3D00F671E5 /* UIImage+MultiFormat.m */ = {isa = PBXFileReference; fileEncoding = 4; lastKnownFileType = sourcecode.c.objc; path = "UIImage+MultiFormat.m"; sourceTree = "<group>"; };
		3D026B2226F79D3D00F671E5 /* SDMemoryCache.m */ = {isa = PBXFileReference; fileEncoding = 4; lastKnownFileType = sourcecode.c.objc; path = SDMemoryCache.m; sourceTree = "<group>"; };
		3D026B2326F79D3D00F671E5 /* UIImage+Metadata.h */ = {isa = PBXFileReference; fileEncoding = 4; lastKnownFileType = sourcecode.c.h; path = "UIImage+Metadata.h"; sourceTree = "<group>"; };
		3D026B2426F79D3D00F671E5 /* SDWebImageCompat.m */ = {isa = PBXFileReference; fileEncoding = 4; lastKnownFileType = sourcecode.c.objc; path = SDWebImageCompat.m; sourceTree = "<group>"; };
		3D026B2526F79D3D00F671E5 /* SDImageAPNGCoder.m */ = {isa = PBXFileReference; fileEncoding = 4; lastKnownFileType = sourcecode.c.objc; path = SDImageAPNGCoder.m; sourceTree = "<group>"; };
		3D026B2626F79D3D00F671E5 /* SDWebImageDownloaderResponseModifier.m */ = {isa = PBXFileReference; fileEncoding = 4; lastKnownFileType = sourcecode.c.objc; path = SDWebImageDownloaderResponseModifier.m; sourceTree = "<group>"; };
		3D026B2726F79D3D00F671E5 /* SDWebImageError.m */ = {isa = PBXFileReference; fileEncoding = 4; lastKnownFileType = sourcecode.c.objc; path = SDWebImageError.m; sourceTree = "<group>"; };
		3D026B2826F79D3D00F671E5 /* SDWebImagePrefetcher.m */ = {isa = PBXFileReference; fileEncoding = 4; lastKnownFileType = sourcecode.c.objc; path = SDWebImagePrefetcher.m; sourceTree = "<group>"; };
		3D026B2926F79D3D00F671E5 /* SDImageCoderHelper.m */ = {isa = PBXFileReference; fileEncoding = 4; lastKnownFileType = sourcecode.c.objc; path = SDImageCoderHelper.m; sourceTree = "<group>"; };
		3D026B2A26F79D3D00F671E5 /* SDWebImageOptionsProcessor.h */ = {isa = PBXFileReference; fileEncoding = 4; lastKnownFileType = sourcecode.c.h; path = SDWebImageOptionsProcessor.h; sourceTree = "<group>"; };
		3D026B2B26F79D3D00F671E5 /* UIView+WebCache.h */ = {isa = PBXFileReference; fileEncoding = 4; lastKnownFileType = sourcecode.c.h; path = "UIView+WebCache.h"; sourceTree = "<group>"; };
		3D026B2C26F79D3D00F671E5 /* UIView+WebCacheOperation.h */ = {isa = PBXFileReference; fileEncoding = 4; lastKnownFileType = sourcecode.c.h; path = "UIView+WebCacheOperation.h"; sourceTree = "<group>"; };
		3D026B2D26F79D3D00F671E5 /* SDWebImageDefine.h */ = {isa = PBXFileReference; fileEncoding = 4; lastKnownFileType = sourcecode.c.h; path = SDWebImageDefine.h; sourceTree = "<group>"; };
		3D026B2E26F79D3D00F671E5 /* NSButton+WebCache.m */ = {isa = PBXFileReference; fileEncoding = 4; lastKnownFileType = sourcecode.c.objc; path = "NSButton+WebCache.m"; sourceTree = "<group>"; };
		3D026B2F26F79D3D00F671E5 /* SDImageCoder.h */ = {isa = PBXFileReference; fileEncoding = 4; lastKnownFileType = sourcecode.c.h; path = SDImageCoder.h; sourceTree = "<group>"; };
		3D026B3026F79D3D00F671E5 /* SDImageIOCoder.m */ = {isa = PBXFileReference; fileEncoding = 4; lastKnownFileType = sourcecode.c.objc; path = SDImageIOCoder.m; sourceTree = "<group>"; };
		3D026B3126F79D3D00F671E5 /* SDAnimatedImageView+WebCache.h */ = {isa = PBXFileReference; fileEncoding = 4; lastKnownFileType = sourcecode.c.h; path = "SDAnimatedImageView+WebCache.h"; sourceTree = "<group>"; };
		3D026B3226F79D3D00F671E5 /* SDDiskCache.m */ = {isa = PBXFileReference; fileEncoding = 4; lastKnownFileType = sourcecode.c.objc; path = SDDiskCache.m; sourceTree = "<group>"; };
		3D026B3326F79D3D00F671E5 /* NSImage+Compatibility.h */ = {isa = PBXFileReference; fileEncoding = 4; lastKnownFileType = sourcecode.c.h; path = "NSImage+Compatibility.h"; sourceTree = "<group>"; };
		3D026B3426F79D3D00F671E5 /* SDAnimatedImageRep.m */ = {isa = PBXFileReference; fileEncoding = 4; lastKnownFileType = sourcecode.c.objc; path = SDAnimatedImageRep.m; sourceTree = "<group>"; };
		3D026B3526F79D3D00F671E5 /* SDImageHEICCoder.h */ = {isa = PBXFileReference; fileEncoding = 4; lastKnownFileType = sourcecode.c.h; path = SDImageHEICCoder.h; sourceTree = "<group>"; };
		3D026B3626F79D3D00F671E5 /* UIImage+ExtendedCacheData.m */ = {isa = PBXFileReference; fileEncoding = 4; lastKnownFileType = sourcecode.c.objc; path = "UIImage+ExtendedCacheData.m"; sourceTree = "<group>"; };
		3D026B3726F79D3D00F671E5 /* SDAnimatedImageView.h */ = {isa = PBXFileReference; fileEncoding = 4; lastKnownFileType = sourcecode.c.h; path = SDAnimatedImageView.h; sourceTree = "<group>"; };
		3D026B3826F79D3D00F671E5 /* SDWebImageDownloaderConfig.m */ = {isa = PBXFileReference; fileEncoding = 4; lastKnownFileType = sourcecode.c.objc; path = SDWebImageDownloaderConfig.m; sourceTree = "<group>"; };
		3D026B3926F79D3D00F671E5 /* SDAnimatedImage.h */ = {isa = PBXFileReference; fileEncoding = 4; lastKnownFileType = sourcecode.c.h; path = SDAnimatedImage.h; sourceTree = "<group>"; };
		3D026B3A26F79D3D00F671E5 /* SDImageCache.m */ = {isa = PBXFileReference; fileEncoding = 4; lastKnownFileType = sourcecode.c.objc; path = SDImageCache.m; sourceTree = "<group>"; };
		3D026B3B26F79D3D00F671E5 /* SDImageGIFCoder.m */ = {isa = PBXFileReference; fileEncoding = 4; lastKnownFileType = sourcecode.c.objc; path = SDImageGIFCoder.m; sourceTree = "<group>"; };
		3D026B3C26F79D3E00F671E5 /* UIImageView+HighlightedWebCache.h */ = {isa = PBXFileReference; fileEncoding = 4; lastKnownFileType = sourcecode.c.h; path = "UIImageView+HighlightedWebCache.h"; sourceTree = "<group>"; };
		3D026B3D26F79D3E00F671E5 /* SDImageFrame.m */ = {isa = PBXFileReference; fileEncoding = 4; lastKnownFileType = sourcecode.c.objc; path = SDImageFrame.m; sourceTree = "<group>"; };
		3D026B3E26F79D3E00F671E5 /* SDWebImageDownloaderOperation.m */ = {isa = PBXFileReference; fileEncoding = 4; lastKnownFileType = sourcecode.c.objc; path = SDWebImageDownloaderOperation.m; sourceTree = "<group>"; };
		3D026B3F26F79D3E00F671E5 /* SDImageIOAnimatedCoder.h */ = {isa = PBXFileReference; fileEncoding = 4; lastKnownFileType = sourcecode.c.h; path = SDImageIOAnimatedCoder.h; sourceTree = "<group>"; };
		3D026B4026F79D3E00F671E5 /* SDImageLoadersManager.m */ = {isa = PBXFileReference; fileEncoding = 4; lastKnownFileType = sourcecode.c.objc; path = SDImageLoadersManager.m; sourceTree = "<group>"; };
		3D026B4126F79D3E00F671E5 /* SDImageCachesManager.m */ = {isa = PBXFileReference; fileEncoding = 4; lastKnownFileType = sourcecode.c.objc; path = SDImageCachesManager.m; sourceTree = "<group>"; };
		3D026B4226F79D3E00F671E5 /* SDWebImageTransition.m */ = {isa = PBXFileReference; fileEncoding = 4; lastKnownFileType = sourcecode.c.objc; path = SDWebImageTransition.m; sourceTree = "<group>"; };
		3D026B4326F79D3E00F671E5 /* SDWebImageManager.h */ = {isa = PBXFileReference; fileEncoding = 4; lastKnownFileType = sourcecode.c.h; path = SDWebImageManager.h; sourceTree = "<group>"; };
		3D026B4426F79D3E00F671E5 /* SDImageTransformer.m */ = {isa = PBXFileReference; fileEncoding = 4; lastKnownFileType = sourcecode.c.objc; path = SDImageTransformer.m; sourceTree = "<group>"; };
		3D026B4526F79D3E00F671E5 /* NSData+ImageContentType.m */ = {isa = PBXFileReference; fileEncoding = 4; lastKnownFileType = sourcecode.c.objc; path = "NSData+ImageContentType.m"; sourceTree = "<group>"; };
		3D026B4626F79D3E00F671E5 /* UIImageView+WebCache.m */ = {isa = PBXFileReference; fileEncoding = 4; lastKnownFileType = sourcecode.c.objc; path = "UIImageView+WebCache.m"; sourceTree = "<group>"; };
		3D026B4726F79D3E00F671E5 /* SDWebImageDownloaderDecryptor.h */ = {isa = PBXFileReference; fileEncoding = 4; lastKnownFileType = sourcecode.c.h; path = SDWebImageDownloaderDecryptor.h; sourceTree = "<group>"; };
		3D026B4826F79D3E00F671E5 /* SDWebImageOperation.h */ = {isa = PBXFileReference; fileEncoding = 4; lastKnownFileType = sourcecode.c.h; path = SDWebImageOperation.h; sourceTree = "<group>"; };
		3D026B4926F79D3E00F671E5 /* SDImageGraphics.m */ = {isa = PBXFileReference; fileEncoding = 4; lastKnownFileType = sourcecode.c.objc; path = SDImageGraphics.m; sourceTree = "<group>"; };
		3D026B4A26F79D3E00F671E5 /* SDGraphicsImageRenderer.h */ = {isa = PBXFileReference; fileEncoding = 4; lastKnownFileType = sourcecode.c.h; path = SDGraphicsImageRenderer.h; sourceTree = "<group>"; };
		3D026B4B26F79D3E00F671E5 /* SDWebImageIndicator.h */ = {isa = PBXFileReference; fileEncoding = 4; lastKnownFileType = sourcecode.c.h; path = SDWebImageIndicator.h; sourceTree = "<group>"; };
		3D026B4C26F79D3E00F671E5 /* SDWebImageCacheSerializer.h */ = {isa = PBXFileReference; fileEncoding = 4; lastKnownFileType = sourcecode.c.h; path = SDWebImageCacheSerializer.h; sourceTree = "<group>"; };
		3D026B4D26F79D3E00F671E5 /* SDImageLoader.h */ = {isa = PBXFileReference; fileEncoding = 4; lastKnownFileType = sourcecode.c.h; path = SDImageLoader.h; sourceTree = "<group>"; };
		3D026B4E26F79D3E00F671E5 /* SDImageCacheDefine.m */ = {isa = PBXFileReference; fileEncoding = 4; lastKnownFileType = sourcecode.c.objc; path = SDImageCacheDefine.m; sourceTree = "<group>"; };
		3D026B4F26F79D3E00F671E5 /* SDWebImageDownloader.h */ = {isa = PBXFileReference; fileEncoding = 4; lastKnownFileType = sourcecode.c.h; path = SDWebImageDownloader.h; sourceTree = "<group>"; };
		3D026B5026F79D3E00F671E5 /* UIImage+MemoryCacheCost.m */ = {isa = PBXFileReference; fileEncoding = 4; lastKnownFileType = sourcecode.c.objc; path = "UIImage+MemoryCacheCost.m"; sourceTree = "<group>"; };
		3D026B5126F79D3E00F671E5 /* UIImage+Transform.h */ = {isa = PBXFileReference; fileEncoding = 4; lastKnownFileType = sourcecode.c.h; path = "UIImage+Transform.h"; sourceTree = "<group>"; };
		3D026B5226F79D3E00F671E5 /* SDAnimatedImagePlayer.h */ = {isa = PBXFileReference; fileEncoding = 4; lastKnownFileType = sourcecode.c.h; path = SDAnimatedImagePlayer.h; sourceTree = "<group>"; };
		3D026B5326F79D3E00F671E5 /* SDImageCacheConfig.m */ = {isa = PBXFileReference; fileEncoding = 4; lastKnownFileType = sourcecode.c.objc; path = SDImageCacheConfig.m; sourceTree = "<group>"; };
		3D026B5426F79D3E00F671E5 /* SDWebImageCacheKeyFilter.m */ = {isa = PBXFileReference; fileEncoding = 4; lastKnownFileType = sourcecode.c.objc; path = SDWebImageCacheKeyFilter.m; sourceTree = "<group>"; };
		3D026B5526F79D3E00F671E5 /* SDImageAWebPCoder.h */ = {isa = PBXFileReference; fileEncoding = 4; lastKnownFileType = sourcecode.c.h; path = SDImageAWebPCoder.h; sourceTree = "<group>"; };
		3D026B5626F79D3E00F671E5 /* UIImage+ForceDecode.h */ = {isa = PBXFileReference; fileEncoding = 4; lastKnownFileType = sourcecode.c.h; path = "UIImage+ForceDecode.h"; sourceTree = "<group>"; };
		3D026B5726F79D3E00F671E5 /* SDWebImageDefine.m */ = {isa = PBXFileReference; fileEncoding = 4; lastKnownFileType = sourcecode.c.objc; path = SDWebImageDefine.m; sourceTree = "<group>"; };
		3D026B5826F79D3E00F671E5 /* SDImageCoderHelper.h */ = {isa = PBXFileReference; fileEncoding = 4; lastKnownFileType = sourcecode.c.h; path = SDImageCoderHelper.h; sourceTree = "<group>"; };
		3D026B5926F79D3E00F671E5 /* SDWebImageOptionsProcessor.m */ = {isa = PBXFileReference; fileEncoding = 4; lastKnownFileType = sourcecode.c.objc; path = SDWebImageOptionsProcessor.m; sourceTree = "<group>"; };
		3D026B5A26F79D3E00F671E5 /* UIView+WebCacheOperation.m */ = {isa = PBXFileReference; fileEncoding = 4; lastKnownFileType = sourcecode.c.objc; path = "UIView+WebCacheOperation.m"; sourceTree = "<group>"; };
		3D026B5B26F79D3E00F671E5 /* UIView+WebCache.m */ = {isa = PBXFileReference; fileEncoding = 4; lastKnownFileType = sourcecode.c.objc; path = "UIView+WebCache.m"; sourceTree = "<group>"; };
		3D026B5C26F79D3E00F671E5 /* SDWebImagePrefetcher.h */ = {isa = PBXFileReference; fileEncoding = 4; lastKnownFileType = sourcecode.c.h; path = SDWebImagePrefetcher.h; sourceTree = "<group>"; };
		3D026B5D26F79D3E00F671E5 /* SDWebImageDownloaderResponseModifier.h */ = {isa = PBXFileReference; fileEncoding = 4; lastKnownFileType = sourcecode.c.h; path = SDWebImageDownloaderResponseModifier.h; sourceTree = "<group>"; };
		3D026B5E26F79D3E00F671E5 /* SDImageAPNGCoder.h */ = {isa = PBXFileReference; fileEncoding = 4; lastKnownFileType = sourcecode.c.h; path = SDImageAPNGCoder.h; sourceTree = "<group>"; };
		3D026B5F26F79D3E00F671E5 /* SDWebImageError.h */ = {isa = PBXFileReference; fileEncoding = 4; lastKnownFileType = sourcecode.c.h; path = SDWebImageError.h; sourceTree = "<group>"; };
		3D026B6026F79D3E00F671E5 /* SDWebImageCompat.h */ = {isa = PBXFileReference; fileEncoding = 4; lastKnownFileType = sourcecode.c.h; path = SDWebImageCompat.h; sourceTree = "<group>"; };
		3D026B6126F79D3E00F671E5 /* SDMemoryCache.h */ = {isa = PBXFileReference; fileEncoding = 4; lastKnownFileType = sourcecode.c.h; path = SDMemoryCache.h; sourceTree = "<group>"; };
		3D026B6226F79D3E00F671E5 /* UIImage+Metadata.m */ = {isa = PBXFileReference; fileEncoding = 4; lastKnownFileType = sourcecode.c.objc; path = "UIImage+Metadata.m"; sourceTree = "<group>"; };
		3D026B6326F79D3E00F671E5 /* UIImage+MultiFormat.h */ = {isa = PBXFileReference; fileEncoding = 4; lastKnownFileType = sourcecode.c.h; path = "UIImage+MultiFormat.h"; sourceTree = "<group>"; };
		3D026B6426F79D3E00F671E5 /* UIButton+WebCache.m */ = {isa = PBXFileReference; fileEncoding = 4; lastKnownFileType = sourcecode.c.objc; path = "UIButton+WebCache.m"; sourceTree = "<group>"; };
		3D026B6526F79D3E00F671E5 /* SDWebImageDownloaderRequestModifier.m */ = {isa = PBXFileReference; fileEncoding = 4; lastKnownFileType = sourcecode.c.objc; path = SDWebImageDownloaderRequestModifier.m; sourceTree = "<group>"; };
		3D026B6626F79D3E00F671E5 /* SDImageCodersManager.h */ = {isa = PBXFileReference; fileEncoding = 4; lastKnownFileType = sourcecode.c.h; path = SDImageCodersManager.h; sourceTree = "<group>"; };
		3D026B6726F79D3E00F671E5 /* UIImage+GIF.h */ = {isa = PBXFileReference; fileEncoding = 4; lastKnownFileType = sourcecode.c.h; path = "UIImage+GIF.h"; sourceTree = "<group>"; };
/* End PBXFileReference section */

/* Begin PBXFrameworksBuildPhase section */
		3D026AA026F78FA500F671E5 /* Frameworks */ = {
			isa = PBXFrameworksBuildPhase;
			buildActionMask = 2147483647;
			files = (
			);
			runOnlyForDeploymentPostprocessing = 0;
		};
/* End PBXFrameworksBuildPhase section */

/* Begin PBXGroup section */
		3D026A9A26F78FA500F671E5 = {
			isa = PBXGroup;
			children = (
				3D026AA526F78FA500F671E5 /* iOS_Template */,
				3D026AA426F78FA500F671E5 /* Products */,
			);
			sourceTree = "<group>";
		};
		3D026AA426F78FA500F671E5 /* Products */ = {
			isa = PBXGroup;
			children = (
				3D026AA326F78FA500F671E5 /* iOS_Template.app */,
			);
			name = Products;
			sourceTree = "<group>";
		};
		3D026AA526F78FA500F671E5 /* iOS_Template */ = {
			isa = PBXGroup;
			children = (
				3D026B8626F79D3F00F671E5 /* Resources */,
				3D026B6826F79D3E00F671E5 /* Sources */,
				3D026ABF26F79D3D00F671E5 /* Vender */,
				3D026AA626F78FA500F671E5 /* AppDelegate.h */,
				3D026AA726F78FA600F671E5 /* AppDelegate.m */,
				3D026AA926F78FA600F671E5 /* SceneDelegate.h */,
				3D026AAA26F78FA600F671E5 /* SceneDelegate.m */,
				3D026AAC26F78FA600F671E5 /* ViewController.h */,
				3D026AAD26F78FA600F671E5 /* ViewController.m */,
				3D026AAF26F78FA600F671E5 /* Main.storyboard */,
				3D026AB226F78FBF00F671E5 /* Assets.xcassets */,
				3D026AB426F78FBF00F671E5 /* LaunchScreen.storyboard */,
				3D026AB726F78FBF00F671E5 /* Info.plist */,
				3D026AB826F78FBF00F671E5 /* main.m */,
			);
			path = iOS_Template;
			sourceTree = "<group>";
		};
		3D026ABF26F79D3D00F671E5 /* Vender */ = {
			isa = PBXGroup;
			children = (
				3D026AC026F79D3D00F671E5 /* Masonry */,
				3D026ADB26F79D3D00F671E5 /* YYModel */,
				3D026AE126F79D3D00F671E5 /* MBProgressHUD */,
				3D026AE426F79D3D00F671E5 /* AFNetworking-4.0.1 */,
				3D026AF326F79D3D00F671E5 /* SDWebImage */,
			);
			path = Vender;
			sourceTree = "<group>";
		};
		3D026AC026F79D3D00F671E5 /* Masonry */ = {
			isa = PBXGroup;
			children = (
				3D026AC126F79D3D00F671E5 /* MASCompositeConstraint.h */,
				3D026AC226F79D3D00F671E5 /* NSLayoutConstraint+MASDebugAdditions.m */,
				3D026AC326F79D3D00F671E5 /* MASConstraint+Private.h */,
				3D026AC426F79D3D00F671E5 /* MASLayoutConstraint.h */,
				3D026AC526F79D3D00F671E5 /* NSArray+MASShorthandAdditions.h */,
				3D026AC626F79D3D00F671E5 /* MASConstraintMaker.h */,
				3D026AC726F79D3D00F671E5 /* View+MASAdditions.h */,
				3D026AC826F79D3D00F671E5 /* NSArray+MASAdditions.h */,
				3D026AC926F79D3D00F671E5 /* MASUtilities.h */,
				3D026ACA26F79D3D00F671E5 /* MASViewAttribute.h */,
				3D026ACB26F79D3D00F671E5 /* ViewController+MASAdditions.m */,
				3D026ACC26F79D3D00F671E5 /* MASViewConstraint.h */,
				3D026ACD26F79D3D00F671E5 /* MASConstraint.h */,
				3D026ACE26F79D3D00F671E5 /* NSLayoutConstraint+MASDebugAdditions.h */,
				3D026ACF26F79D3D00F671E5 /* MASCompositeConstraint.m */,
				3D026AD026F79D3D00F671E5 /* MASConstraintMaker.m */,
				3D026AD126F79D3D00F671E5 /* MASLayoutConstraint.m */,
				3D026AD226F79D3D00F671E5 /* NSArray+MASAdditions.m */,
				3D026AD326F79D3D00F671E5 /* View+MASAdditions.m */,
				3D026AD426F79D3D00F671E5 /* View+MASShorthandAdditions.h */,
				3D026AD526F79D3D00F671E5 /* Masonry.h */,
				3D026AD626F79D3D00F671E5 /* MASConstraint.m */,
				3D026AD726F79D3D00F671E5 /* ViewController+MASAdditions.h */,
				3D026AD826F79D3D00F671E5 /* MASViewConstraint.m */,
				3D026AD926F79D3D00F671E5 /* MASViewAttribute.m */,
				3D026ADA26F79D3D00F671E5 /* Info.plist */,
			);
			path = Masonry;
			sourceTree = "<group>";
		};
		3D026ADB26F79D3D00F671E5 /* YYModel */ = {
			isa = PBXGroup;
			children = (
				3D026ADC26F79D3D00F671E5 /* YYClassInfo.h */,
				3D026ADD26F79D3D00F671E5 /* YYModel.h */,
				3D026ADE26F79D3D00F671E5 /* NSObject+YYModel.m */,
				3D026ADF26F79D3D00F671E5 /* YYClassInfo.m */,
				3D026AE026F79D3D00F671E5 /* NSObject+YYModel.h */,
			);
			path = YYModel;
			sourceTree = "<group>";
		};
		3D026AE126F79D3D00F671E5 /* MBProgressHUD */ = {
			isa = PBXGroup;
			children = (
				3D026AE226F79D3D00F671E5 /* MBProgressHUD.m */,
				3D026AE326F79D3D00F671E5 /* MBProgressHUD.h */,
			);
			path = MBProgressHUD;
			sourceTree = "<group>";
		};
		3D026AE426F79D3D00F671E5 /* AFNetworking-4.0.1 */ = {
			isa = PBXGroup;
			children = (
				3D026AE526F79D3D00F671E5 /* AFSecurityPolicy.h */,
				3D026AE626F79D3D00F671E5 /* AFNetworkReachabilityManager.h */,
				3D026AE726F79D3D00F671E5 /* AFURLSessionManager.h */,
				3D026AE826F79D3D00F671E5 /* AFURLRequestSerialization.h */,
				3D026AE926F79D3D00F671E5 /* AFURLResponseSerialization.m */,
				3D026AEA26F79D3D00F671E5 /* AFHTTPSessionManager.m */,
				3D026AEB26F79D3D00F671E5 /* AFURLResponseSerialization.h */,
				3D026AEC26F79D3D00F671E5 /* AFURLSessionManager.m */,
				3D026AED26F79D3D00F671E5 /* AFURLRequestSerialization.m */,
				3D026AEE26F79D3D00F671E5 /* AFNetworking.h */,
				3D026AEF26F79D3D00F671E5 /* AFNetworkReachabilityManager.m */,
				3D026AF026F79D3D00F671E5 /* AFSecurityPolicy.m */,
				3D026AF126F79D3D00F671E5 /* AFCompatibilityMacros.h */,
				3D026AF226F79D3D00F671E5 /* AFHTTPSessionManager.h */,
			);
			path = "AFNetworking-4.0.1";
			sourceTree = "<group>";
		};
		3D026AF326F79D3D00F671E5 /* SDWebImage */ = {
			isa = PBXGroup;
			children = (
				3D026AF426F79D3D00F671E5 /* UIImage+ExtendedCacheData.h */,
				3D026AF526F79D3D00F671E5 /* SDImageHEICCoder.m */,
				3D026AF626F79D3D00F671E5 /* SDAnimatedImageRep.h */,
				3D026AF726F79D3D00F671E5 /* NSImage+Compatibility.m */,
				3D026AF826F79D3D00F671E5 /* SDDiskCache.h */,
				3D026AF926F79D3D00F671E5 /* SDAnimatedImageView+WebCache.m */,
				3D026AFA26F79D3D00F671E5 /* SDImageIOCoder.h */,
				3D026AFB26F79D3D00F671E5 /* SDImageCoder.m */,
				3D026AFC26F79D3D00F671E5 /* NSButton+WebCache.h */,
				3D026AFD26F79D3D00F671E5 /* SDImageGraphics.h */,
				3D026AFE26F79D3D00F671E5 /* SDWebImageOperation.m */,
				3D026AFF26F79D3D00F671E5 /* UIImageView+WebCache.h */,
				3D026B0026F79D3D00F671E5 /* NSData+ImageContentType.h */,
				3D026B0126F79D3D00F671E5 /* SDWebImageDownloaderDecryptor.m */,
				3D026B0226F79D3D00F671E5 /* SDImageTransformer.h */,
				3D026B0326F79D3D00F671E5 /* SDImageCachesManager.h */,
				3D026B0426F79D3D00F671E5 /* SDWebImageTransition.h */,
				3D026B0526F79D3D00F671E5 /* SDWebImageManager.m */,
				3D026B0626F79D3D00F671E5 /* SDImageLoadersManager.h */,
				3D026B0726F79D3D00F671E5 /* SDImageIOAnimatedCoder.m */,
				3D026B0826F79D3D00F671E5 /* SDWebImageDownloaderOperation.h */,
				3D026B0926F79D3D00F671E5 /* UIImageView+HighlightedWebCache.m */,
				3D026B0A26F79D3D00F671E5 /* SDImageFrame.h */,
				3D026B0B26F79D3D00F671E5 /* SDImageGIFCoder.h */,
				3D026B0C26F79D3D00F671E5 /* SDImageCache.h */,
				3D026B0D26F79D3D00F671E5 /* SDWebImageDownloaderConfig.h */,
				3D026B0E26F79D3D00F671E5 /* SDAnimatedImage.m */,
				3D026B0F26F79D3D00F671E5 /* SDAnimatedImageView.m */,
				3D026B1026F79D3D00F671E5 /* UIImage+ForceDecode.m */,
				3D026B1126F79D3D00F671E5 /* SDImageCacheConfig.h */,
				3D026B1226F79D3D00F671E5 /* SDImageAWebPCoder.m */,
				3D026B1326F79D3D00F671E5 /* SDWebImageCacheKeyFilter.h */,
				3D026B1426F79D3D00F671E5 /* SDAnimatedImagePlayer.m */,
				3D026B1526F79D3D00F671E5 /* UIImage+Transform.m */,
				3D026B1626F79D3D00F671E5 /* UIImage+MemoryCacheCost.h */,
				3D026B1726F79D3D00F671E5 /* SDWebImageDownloader.m */,
				3D026B1826F79D3D00F671E5 /* SDImageCacheDefine.h */,
				3D026B1926F79D3D00F671E5 /* SDImageLoader.m */,
				3D026B1A26F79D3D00F671E5 /* SDWebImageCacheSerializer.m */,
				3D026B1B26F79D3D00F671E5 /* SDWebImageIndicator.m */,
				3D026B1C26F79D3D00F671E5 /* SDGraphicsImageRenderer.m */,
				3D026B1D26F79D3D00F671E5 /* UIImage+GIF.m */,
				3D026B1E26F79D3D00F671E5 /* SDImageCodersManager.m */,
				3D026B1F26F79D3D00F671E5 /* UIButton+WebCache.h */,
				3D026B2026F79D3D00F671E5 /* SDWebImageDownloaderRequestModifier.h */,
				3D026B2126F79D3D00F671E5 /* UIImage+MultiFormat.m */,
				3D026B2226F79D3D00F671E5 /* SDMemoryCache.m */,
				3D026B2326F79D3D00F671E5 /* UIImage+Metadata.h */,
				3D026B2426F79D3D00F671E5 /* SDWebImageCompat.m */,
				3D026B2526F79D3D00F671E5 /* SDImageAPNGCoder.m */,
				3D026B2626F79D3D00F671E5 /* SDWebImageDownloaderResponseModifier.m */,
				3D026B2726F79D3D00F671E5 /* SDWebImageError.m */,
				3D026B2826F79D3D00F671E5 /* SDWebImagePrefetcher.m */,
				3D026B2926F79D3D00F671E5 /* SDImageCoderHelper.m */,
				3D026B2A26F79D3D00F671E5 /* SDWebImageOptionsProcessor.h */,
				3D026B2B26F79D3D00F671E5 /* UIView+WebCache.h */,
				3D026B2C26F79D3D00F671E5 /* UIView+WebCacheOperation.h */,
				3D026B2D26F79D3D00F671E5 /* SDWebImageDefine.h */,
				3D026B2E26F79D3D00F671E5 /* NSButton+WebCache.m */,
				3D026B2F26F79D3D00F671E5 /* SDImageCoder.h */,
				3D026B3026F79D3D00F671E5 /* SDImageIOCoder.m */,
				3D026B3126F79D3D00F671E5 /* SDAnimatedImageView+WebCache.h */,
				3D026B3226F79D3D00F671E5 /* SDDiskCache.m */,
				3D026B3326F79D3D00F671E5 /* NSImage+Compatibility.h */,
				3D026B3426F79D3D00F671E5 /* SDAnimatedImageRep.m */,
				3D026B3526F79D3D00F671E5 /* SDImageHEICCoder.h */,
				3D026B3626F79D3D00F671E5 /* UIImage+ExtendedCacheData.m */,
				3D026B3726F79D3D00F671E5 /* SDAnimatedImageView.h */,
				3D026B3826F79D3D00F671E5 /* SDWebImageDownloaderConfig.m */,
				3D026B3926F79D3D00F671E5 /* SDAnimatedImage.h */,
				3D026B3A26F79D3D00F671E5 /* SDImageCache.m */,
				3D026B3B26F79D3D00F671E5 /* SDImageGIFCoder.m */,
				3D026B3C26F79D3E00F671E5 /* UIImageView+HighlightedWebCache.h */,
				3D026B3D26F79D3E00F671E5 /* SDImageFrame.m */,
				3D026B3E26F79D3E00F671E5 /* SDWebImageDownloaderOperation.m */,
				3D026B3F26F79D3E00F671E5 /* SDImageIOAnimatedCoder.h */,
				3D026B4026F79D3E00F671E5 /* SDImageLoadersManager.m */,
				3D026B4126F79D3E00F671E5 /* SDImageCachesManager.m */,
				3D026B4226F79D3E00F671E5 /* SDWebImageTransition.m */,
				3D026B4326F79D3E00F671E5 /* SDWebImageManager.h */,
				3D026B4426F79D3E00F671E5 /* SDImageTransformer.m */,
				3D026B4526F79D3E00F671E5 /* NSData+ImageContentType.m */,
				3D026B4626F79D3E00F671E5 /* UIImageView+WebCache.m */,
				3D026B4726F79D3E00F671E5 /* SDWebImageDownloaderDecryptor.h */,
				3D026B4826F79D3E00F671E5 /* SDWebImageOperation.h */,
				3D026B4926F79D3E00F671E5 /* SDImageGraphics.m */,
				3D026B4A26F79D3E00F671E5 /* SDGraphicsImageRenderer.h */,
				3D026B4B26F79D3E00F671E5 /* SDWebImageIndicator.h */,
				3D026B4C26F79D3E00F671E5 /* SDWebImageCacheSerializer.h */,
				3D026B4D26F79D3E00F671E5 /* SDImageLoader.h */,
				3D026B4E26F79D3E00F671E5 /* SDImageCacheDefine.m */,
				3D026B4F26F79D3E00F671E5 /* SDWebImageDownloader.h */,
				3D026B5026F79D3E00F671E5 /* UIImage+MemoryCacheCost.m */,
				3D026B5126F79D3E00F671E5 /* UIImage+Transform.h */,
				3D026B5226F79D3E00F671E5 /* SDAnimatedImagePlayer.h */,
				3D026B5326F79D3E00F671E5 /* SDImageCacheConfig.m */,
				3D026B5426F79D3E00F671E5 /* SDWebImageCacheKeyFilter.m */,
				3D026B5526F79D3E00F671E5 /* SDImageAWebPCoder.h */,
				3D026B5626F79D3E00F671E5 /* UIImage+ForceDecode.h */,
				3D026B5726F79D3E00F671E5 /* SDWebImageDefine.m */,
				3D026B5826F79D3E00F671E5 /* SDImageCoderHelper.h */,
				3D026B5926F79D3E00F671E5 /* SDWebImageOptionsProcessor.m */,
				3D026B5A26F79D3E00F671E5 /* UIView+WebCacheOperation.m */,
				3D026B5B26F79D3E00F671E5 /* UIView+WebCache.m */,
				3D026B5C26F79D3E00F671E5 /* SDWebImagePrefetcher.h */,
				3D026B5D26F79D3E00F671E5 /* SDWebImageDownloaderResponseModifier.h */,
				3D026B5E26F79D3E00F671E5 /* SDImageAPNGCoder.h */,
				3D026B5F26F79D3E00F671E5 /* SDWebImageError.h */,
				3D026B6026F79D3E00F671E5 /* SDWebImageCompat.h */,
				3D026B6126F79D3E00F671E5 /* SDMemoryCache.h */,
				3D026B6226F79D3E00F671E5 /* UIImage+Metadata.m */,
				3D026B6326F79D3E00F671E5 /* UIImage+MultiFormat.h */,
				3D026B6426F79D3E00F671E5 /* UIButton+WebCache.m */,
				3D026B6526F79D3E00F671E5 /* SDWebImageDownloaderRequestModifier.m */,
				3D026B6626F79D3E00F671E5 /* SDImageCodersManager.h */,
				3D026B6726F79D3E00F671E5 /* UIImage+GIF.h */,
			);
			path = SDWebImage;
			sourceTree = "<group>";
		};
		3D026B6826F79D3E00F671E5 /* Sources */ = {
			isa = PBXGroup;
			children = (
				3D026BDA26F7A17A00F671E5 /* WJ_PublicComponent */,
				3D026B6926F79D3E00F671E5 /* WJ_Network */,
				3D026B6A26F79D3E00F671E5 /* WJ_Macro */,
				3D026B6B26F79D3E00F671E5 /* WJ_PrivacyAuth */,
				3D026B6C26F79D3E00F671E5 /* WJ_Safe */,
				3D026B6D26F79D3E00F671E5 /* WJ_Funcation */,
				3D026B7D26F79D3E00F671E5 /* WJ_PublicUI */,
				3D026B7E26F79D3E00F671E5 /* WJ_JumpMoudle */,
				3D026B7F26F79D3E00F671E5 /* WJ_PushService */,
				3D026B8026F79D3E00F671E5 /* WJ_StartGuideView */,
				3D026B8126F79D3E00F671E5 /* WJ_UserCenter */,
				3D026B8226F79D3E00F671E5 /* WJ_ADDelivery */,
				3D026B8326F79D3E00F671E5 /* WJ_Container */,
			);
			path = Sources;
			sourceTree = "<group>";
		};
		3D026B6926F79D3E00F671E5 /* WJ_Network */ = {
			isa = PBXGroup;
			children = (
			);
			path = WJ_Network;
			sourceTree = "<group>";
		};
		3D026B6A26F79D3E00F671E5 /* WJ_Macro */ = {
			isa = PBXGroup;
			children = (
			);
			path = WJ_Macro;
			sourceTree = "<group>";
		};
		3D026B6B26F79D3E00F671E5 /* WJ_PrivacyAuth */ = {
			isa = PBXGroup;
			children = (
			);
			path = WJ_PrivacyAuth;
			sourceTree = "<group>";
		};
		3D026B6C26F79D3E00F671E5 /* WJ_Safe */ = {
			isa = PBXGroup;
			children = (
				3D026BE926F7A18C00F671E5 /* Application */,
				3D026BE726F7A18C00F671E5 /* Device */,
				3D026BE826F7A18C00F671E5 /* Network */,
				3D026BE626F7A18C00F671E5 /* Screen */,
			);
			path = WJ_Safe;
			sourceTree = "<group>";
		};
		3D026B6D26F79D3E00F671E5 /* WJ_Funcation */ = {
			isa = PBXGroup;
			children = (
				3D026B6E26F79D3E00F671E5 /* WJ_TabBar */,
				3D026B7126F79D3E00F671E5 /* WJ_Camera */,
				3D026B7426F79D3E00F671E5 /* WJ_Login */,
				3D026B7726F79D3E00F671E5 /* WJ_HomeTab */,
				3D026B7A26F79D3E00F671E5 /* WJ_Register */,
			);
			path = WJ_Funcation;
			sourceTree = "<group>";
		};
		3D026B6E26F79D3E00F671E5 /* WJ_TabBar */ = {
			isa = PBXGroup;
			children = (
				3D026B6F26F79D3E00F671E5 /* Resources */,
				3D026B7026F79D3E00F671E5 /* ViewController */,
			);
			path = WJ_TabBar;
			sourceTree = "<group>";
		};
		3D026B6F26F79D3E00F671E5 /* Resources */ = {
			isa = PBXGroup;
			children = (
			);
			path = Resources;
			sourceTree = "<group>";
		};
		3D026B7026F79D3E00F671E5 /* ViewController */ = {
			isa = PBXGroup;
			children = (
			);
			path = ViewController;
			sourceTree = "<group>";
		};
		3D026B7126F79D3E00F671E5 /* WJ_Camera */ = {
			isa = PBXGroup;
			children = (
				3D026B7226F79D3E00F671E5 /* Resources */,
				3D026B7326F79D3E00F671E5 /* ViewController */,
			);
			path = WJ_Camera;
			sourceTree = "<group>";
		};
		3D026B7226F79D3E00F671E5 /* Resources */ = {
			isa = PBXGroup;
			children = (
			);
			path = Resources;
			sourceTree = "<group>";
		};
		3D026B7326F79D3E00F671E5 /* ViewController */ = {
			isa = PBXGroup;
			children = (
			);
			path = ViewController;
			sourceTree = "<group>";
		};
		3D026B7426F79D3E00F671E5 /* WJ_Login */ = {
			isa = PBXGroup;
			children = (
				3D026B7526F79D3E00F671E5 /* Resources */,
				3D026B7626F79D3E00F671E5 /* ViewController */,
			);
			path = WJ_Login;
			sourceTree = "<group>";
		};
		3D026B7526F79D3E00F671E5 /* Resources */ = {
			isa = PBXGroup;
			children = (
			);
			path = Resources;
			sourceTree = "<group>";
		};
		3D026B7626F79D3E00F671E5 /* ViewController */ = {
			isa = PBXGroup;
			children = (
			);
			path = ViewController;
			sourceTree = "<group>";
		};
		3D026B7726F79D3E00F671E5 /* WJ_HomeTab */ = {
			isa = PBXGroup;
			children = (
				3D026B7826F79D3E00F671E5 /* Resources */,
				3D026B7926F79D3E00F671E5 /* ViewController */,
			);
			path = WJ_HomeTab;
			sourceTree = "<group>";
		};
		3D026B7826F79D3E00F671E5 /* Resources */ = {
			isa = PBXGroup;
			children = (
			);
			path = Resources;
			sourceTree = "<group>";
		};
		3D026B7926F79D3E00F671E5 /* ViewController */ = {
			isa = PBXGroup;
			children = (
			);
			path = ViewController;
			sourceTree = "<group>";
		};
		3D026B7A26F79D3E00F671E5 /* WJ_Register */ = {
			isa = PBXGroup;
			children = (
				3D026B7B26F79D3E00F671E5 /* Resources */,
				3D026B7C26F79D3E00F671E5 /* ViewController */,
			);
			path = WJ_Register;
			sourceTree = "<group>";
		};
		3D026B7B26F79D3E00F671E5 /* Resources */ = {
			isa = PBXGroup;
			children = (
			);
			path = Resources;
			sourceTree = "<group>";
		};
		3D026B7C26F79D3E00F671E5 /* ViewController */ = {
			isa = PBXGroup;
			children = (
			);
			path = ViewController;
			sourceTree = "<group>";
		};
		3D026B7D26F79D3E00F671E5 /* WJ_PublicUI */ = {
			isa = PBXGroup;
			children = (
				3D026BD526F7A10F00F671E5 /* WJAlert */,
				3D026BD626F7A11000F671E5 /* WJPicker */,
				3D026BD726F7A11000F671E5 /* WJShareView */,
			);
			path = WJ_PublicUI;
			sourceTree = "<group>";
		};
		3D026B7E26F79D3E00F671E5 /* WJ_JumpMoudle */ = {
			isa = PBXGroup;
			children = (
			);
			path = WJ_JumpMoudle;
			sourceTree = "<group>";
		};
		3D026B7F26F79D3E00F671E5 /* WJ_PushService */ = {
			isa = PBXGroup;
			children = (
			);
			path = WJ_PushService;
			sourceTree = "<group>";
		};
		3D026B8026F79D3E00F671E5 /* WJ_StartGuideView */ = {
			isa = PBXGroup;
			children = (
			);
			path = WJ_StartGuideView;
			sourceTree = "<group>";
		};
		3D026B8126F79D3E00F671E5 /* WJ_UserCenter */ = {
			isa = PBXGroup;
			children = (
			);
			path = WJ_UserCenter;
			sourceTree = "<group>";
		};
		3D026B8226F79D3E00F671E5 /* WJ_ADDelivery */ = {
			isa = PBXGroup;
			children = (
			);
			path = WJ_ADDelivery;
			sourceTree = "<group>";
		};
		3D026B8326F79D3E00F671E5 /* WJ_Container */ = {
			isa = PBXGroup;
			children = (
				3D026BD826F7A12200F671E5 /* View */,
				3D026B8426F79D3E00F671E5 /* Resources */,
				3D026B8526F79D3E00F671E5 /* ViewController */,
			);
			path = WJ_Container;
			sourceTree = "<group>";
		};
		3D026B8426F79D3E00F671E5 /* Resources */ = {
			isa = PBXGroup;
			children = (
			);
			path = Resources;
			sourceTree = "<group>";
		};
		3D026B8526F79D3E00F671E5 /* ViewController */ = {
			isa = PBXGroup;
			children = (
			);
			path = ViewController;
			sourceTree = "<group>";
		};
		3D026B8626F79D3F00F671E5 /* Resources */ = {
			isa = PBXGroup;
			children = (
			);
			path = Resources;
			sourceTree = "<group>";
		};
		3D026BD526F7A10F00F671E5 /* WJAlert */ = {
			isa = PBXGroup;
			children = (
			);
			path = WJAlert;
			sourceTree = "<group>";
		};
		3D026BD626F7A11000F671E5 /* WJPicker */ = {
			isa = PBXGroup;
			children = (
			);
			path = WJPicker;
			sourceTree = "<group>";
		};
		3D026BD726F7A11000F671E5 /* WJShareView */ = {
			isa = PBXGroup;
			children = (
			);
			path = WJShareView;
			sourceTree = "<group>";
		};
		3D026BD826F7A12200F671E5 /* View */ = {
			isa = PBXGroup;
			children = (
				3D026BD926F7A12200F671E5 /* WebView */,
			);
			path = View;
			sourceTree = "<group>";
		};
		3D026BD926F7A12200F671E5 /* WebView */ = {
			isa = PBXGroup;
			children = (
			);
			path = WebView;
			sourceTree = "<group>";
		};
		3D026BDA26F7A17A00F671E5 /* WJ_PublicComponent */ = {
			isa = PBXGroup;
			children = (
				3D026BDB26F7A17A00F671E5 /* MediaUtils */,
				3D026BDC26F7A17A00F671E5 /* GlobalUtils */,
				3D026BDD26F7A17A00F671E5 /* Category */,
				3D026BDE26F7A17A00F671E5 /* ImagePicker */,
				3D026BDF26F7A17A00F671E5 /* Location */,
				3D026BE026F7A17A00F671E5 /* Contacts */,
				3D026BE126F7A17A00F671E5 /* Device */,
				3D026BE226F7A17A00F671E5 /* UserAuthorization */,
				3D026BE326F7A17A00F671E5 /* Encrypt */,
				3D026BE426F7A17A00F671E5 /* Share */,
			);
			path = WJ_PublicComponent;
			sourceTree = "<group>";
		};
		3D026BDB26F7A17A00F671E5 /* MediaUtils */ = {
			isa = PBXGroup;
			children = (
			);
			path = MediaUtils;
			sourceTree = "<group>";
		};
		3D026BDC26F7A17A00F671E5 /* GlobalUtils */ = {
			isa = PBXGroup;
			children = (
			);
			path = GlobalUtils;
			sourceTree = "<group>";
		};
		3D026BDD26F7A17A00F671E5 /* Category */ = {
			isa = PBXGroup;
			children = (
			);
			path = Category;
			sourceTree = "<group>";
		};
		3D026BDE26F7A17A00F671E5 /* ImagePicker */ = {
			isa = PBXGroup;
			children = (
			);
			path = ImagePicker;
			sourceTree = "<group>";
		};
		3D026BDF26F7A17A00F671E5 /* Location */ = {
			isa = PBXGroup;
			children = (
			);
			path = Location;
			sourceTree = "<group>";
		};
		3D026BE026F7A17A00F671E5 /* Contacts */ = {
			isa = PBXGroup;
			children = (
			);
			path = Contacts;
			sourceTree = "<group>";
		};
		3D026BE126F7A17A00F671E5 /* Device */ = {
			isa = PBXGroup;
			children = (
			);
			path = Device;
			sourceTree = "<group>";
		};
		3D026BE226F7A17A00F671E5 /* UserAuthorization */ = {
			isa = PBXGroup;
			children = (
			);
			path = UserAuthorization;
			sourceTree = "<group>";
		};
		3D026BE326F7A17A00F671E5 /* Encrypt */ = {
			isa = PBXGroup;
			children = (
			);
			path = Encrypt;
			sourceTree = "<group>";
		};
		3D026BE426F7A17A00F671E5 /* Share */ = {
			isa = PBXGroup;
			children = (
				3D026BE526F7A17A00F671E5 /* Wechat */,
			);
			path = Share;
			sourceTree = "<group>";
		};
		3D026BE526F7A17A00F671E5 /* Wechat */ = {
			isa = PBXGroup;
			children = (
			);
			path = Wechat;
			sourceTree = "<group>";
		};
		3D026BE626F7A18C00F671E5 /* Screen */ = {
			isa = PBXGroup;
			children = (
			);
			path = Screen;
			sourceTree = "<group>";
		};
		3D026BE726F7A18C00F671E5 /* Device */ = {
			isa = PBXGroup;
			children = (
			);
			path = Device;
			sourceTree = "<group>";
		};
		3D026BE826F7A18C00F671E5 /* Network */ = {
			isa = PBXGroup;
			children = (
			);
			path = Network;
			sourceTree = "<group>";
		};
		3D026BE926F7A18C00F671E5 /* Application */ = {
			isa = PBXGroup;
			children = (
			);
			path = Application;
			sourceTree = "<group>";
		};
/* End PBXGroup section */

/* Begin PBXNativeTarget section */
		3D026AA226F78FA500F671E5 /* iOS_Template */ = {
			isa = PBXNativeTarget;
			buildConfigurationList = 3D026ABC26F78FBF00F671E5 /* Build configuration list for PBXNativeTarget "iOS_Template" */;
			buildPhases = (
				3D026A9F26F78FA500F671E5 /* Sources */,
				3D026AA026F78FA500F671E5 /* Frameworks */,
				3D026AA126F78FA500F671E5 /* Resources */,
			);
			buildRules = (
			);
			dependencies = (
			);
			name = iOS_Template;
			productName = iOS_Template;
			productReference = 3D026AA326F78FA500F671E5 /* iOS_Template.app */;
			productType = "com.apple.product-type.application";
		};
/* End PBXNativeTarget section */

/* Begin PBXProject section */
		3D026A9B26F78FA500F671E5 /* Project object */ = {
			isa = PBXProject;
			attributes = {
				LastUpgradeCheck = 1250;
				TargetAttributes = {
					3D026AA226F78FA500F671E5 = {
						CreatedOnToolsVersion = 12.5.1;
					};
				};
			};
			buildConfigurationList = 3D026A9E26F78FA500F671E5 /* Build configuration list for PBXProject "iOS_Template" */;
			compatibilityVersion = "Xcode 9.3";
			developmentRegion = en;
			hasScannedForEncodings = 0;
			knownRegions = (
				en,
				Base,
			);
			mainGroup = 3D026A9A26F78FA500F671E5;
			productRefGroup = 3D026AA426F78FA500F671E5 /* Products */;
			projectDirPath = "";
			projectRoot = "";
			targets = (
				3D026AA226F78FA500F671E5 /* iOS_Template */,
			);
		};
/* End PBXProject section */

/* Begin PBXResourcesBuildPhase section */
		3D026AA126F78FA500F671E5 /* Resources */ = {
			isa = PBXResourcesBuildPhase;
			buildActionMask = 2147483647;
			files = (
				3D026B9126F79D3F00F671E5 /* Info.plist in Resources */,
				3D026AB626F78FBF00F671E5 /* LaunchScreen.storyboard in Resources */,
				3D026AB326F78FBF00F671E5 /* Assets.xcassets in Resources */,
				3D026AB126F78FA600F671E5 /* Main.storyboard in Resources */,
			);
			runOnlyForDeploymentPostprocessing = 0;
		};
/* End PBXResourcesBuildPhase section */

/* Begin PBXSourcesBuildPhase section */
		3D026A9F26F78FA500F671E5 /* Sources */ = {
			isa = PBXSourcesBuildPhase;
			buildActionMask = 2147483647;
			files = (
				3D026B8F26F79D3F00F671E5 /* MASViewConstraint.m in Sources */,
				3D026BBD26F79D3F00F671E5 /* UIImage+ExtendedCacheData.m in Sources */,
				3D026B9626F79D3F00F671E5 /* AFHTTPSessionManager.m in Sources */,
				3D026BA926F79D3F00F671E5 /* UIImage+Transform.m in Sources */,
				3D026BA326F79D3F00F671E5 /* UIImageView+HighlightedWebCache.m in Sources */,
				3D026B9A26F79D3F00F671E5 /* AFSecurityPolicy.m in Sources */,
				3D026BB826F79D3F00F671E5 /* SDImageCoderHelper.m in Sources */,
				3D026B9026F79D3F00F671E5 /* MASViewAttribute.m in Sources */,
				3D026B9D26F79D3F00F671E5 /* SDAnimatedImageView+WebCache.m in Sources */,
				3D026BAA26F79D3F00F671E5 /* SDWebImageDownloader.m in Sources */,
				3D026BC526F79D3F00F671E5 /* SDWebImageTransition.m in Sources */,
				3D026BCF26F79D3F00F671E5 /* SDWebImageOptionsProcessor.m in Sources */,
				3D026B9C26F79D3F00F671E5 /* NSImage+Compatibility.m in Sources */,
				3D026BB926F79D3F00F671E5 /* NSButton+WebCache.m in Sources */,
				3D026BC926F79D3F00F671E5 /* SDImageGraphics.m in Sources */,
				3D026AAE26F78FA600F671E5 /* ViewController.m in Sources */,
				3D026BB526F79D3F00F671E5 /* SDWebImageDownloaderResponseModifier.m in Sources */,
				3D026B9B26F79D3F00F671E5 /* SDImageHEICCoder.m in Sources */,
				3D026AA826F78FA600F671E5 /* AppDelegate.m in Sources */,
				3D026BA026F79D3F00F671E5 /* SDWebImageDownloaderDecryptor.m in Sources */,
				3D026BBA26F79D3F00F671E5 /* SDImageIOCoder.m in Sources */,
				3D026B9726F79D3F00F671E5 /* AFURLSessionManager.m in Sources */,
				3D026BBF26F79D3F00F671E5 /* SDImageCache.m in Sources */,
				3D026B9E26F79D3F00F671E5 /* SDImageCoder.m in Sources */,
				3D026BA226F79D3F00F671E5 /* SDImageIOAnimatedCoder.m in Sources */,
				3D026B8C26F79D3F00F671E5 /* NSArray+MASAdditions.m in Sources */,
				3D026BA826F79D3F00F671E5 /* SDAnimatedImagePlayer.m in Sources */,
				3D026BB026F79D3F00F671E5 /* SDImageCodersManager.m in Sources */,
				3D026BC726F79D3F00F671E5 /* NSData+ImageContentType.m in Sources */,
				3D026B8826F79D3F00F671E5 /* ViewController+MASAdditions.m in Sources */,
				3D026B9226F79D3F00F671E5 /* NSObject+YYModel.m in Sources */,
				3D026BCB26F79D3F00F671E5 /* UIImage+MemoryCacheCost.m in Sources */,
				3D026BBC26F79D3F00F671E5 /* SDAnimatedImageRep.m in Sources */,
				3D026B9426F79D3F00F671E5 /* MBProgressHUD.m in Sources */,
				3D026BA426F79D3F00F671E5 /* SDAnimatedImage.m in Sources */,
				3D026BAF26F79D3F00F671E5 /* UIImage+GIF.m in Sources */,
				3D026BAE26F79D3F00F671E5 /* SDGraphicsImageRenderer.m in Sources */,
				3D026BD326F79D3F00F671E5 /* UIButton+WebCache.m in Sources */,
				3D026BB326F79D3F00F671E5 /* SDWebImageCompat.m in Sources */,
				3D026B8926F79D3F00F671E5 /* MASCompositeConstraint.m in Sources */,
				3D026AB926F78FBF00F671E5 /* main.m in Sources */,
				3D026BB726F79D3F00F671E5 /* SDWebImagePrefetcher.m in Sources */,
				3D026B9F26F79D3F00F671E5 /* SDWebImageOperation.m in Sources */,
				3D026B9826F79D3F00F671E5 /* AFURLRequestSerialization.m in Sources */,
				3D026BA626F79D3F00F671E5 /* UIImage+ForceDecode.m in Sources */,
				3D026B9526F79D3F00F671E5 /* AFURLResponseSerialization.m in Sources */,
				3D026BA526F79D3F00F671E5 /* SDAnimatedImageView.m in Sources */,
				3D026B8D26F79D3F00F671E5 /* View+MASAdditions.m in Sources */,
				3D026BC826F79D3F00F671E5 /* UIImageView+WebCache.m in Sources */,
				3D026BC126F79D3F00F671E5 /* SDImageFrame.m in Sources */,
				3D026BC626F79D3F00F671E5 /* SDImageTransformer.m in Sources */,
				3D026B8A26F79D3F00F671E5 /* MASConstraintMaker.m in Sources */,
				3D026BD226F79D3F00F671E5 /* UIImage+Metadata.m in Sources */,
				3D026BA726F79D3F00F671E5 /* SDImageAWebPCoder.m in Sources */,
				3D026BC026F79D3F00F671E5 /* SDImageGIFCoder.m in Sources */,
				3D026B8E26F79D3F00F671E5 /* MASConstraint.m in Sources */,
				3D026BB126F79D3F00F671E5 /* UIImage+MultiFormat.m in Sources */,
				3D026BAD26F79D3F00F671E5 /* SDWebImageIndicator.m in Sources */,
				3D026BC326F79D3F00F671E5 /* SDImageLoadersManager.m in Sources */,
				3D026B9326F79D3F00F671E5 /* YYClassInfo.m in Sources */,
				3D026B8726F79D3F00F671E5 /* NSLayoutConstraint+MASDebugAdditions.m in Sources */,
				3D026BD026F79D3F00F671E5 /* UIView+WebCacheOperation.m in Sources */,
				3D026BBB26F79D3F00F671E5 /* SDDiskCache.m in Sources */,
				3D026BAB26F79D3F00F671E5 /* SDImageLoader.m in Sources */,
				3D026BB226F79D3F00F671E5 /* SDMemoryCache.m in Sources */,
				3D026BCE26F79D3F00F671E5 /* SDWebImageDefine.m in Sources */,
				3D026B8B26F79D3F00F671E5 /* MASLayoutConstraint.m in Sources */,
				3D026BAC26F79D3F00F671E5 /* SDWebImageCacheSerializer.m in Sources */,
				3D026BA126F79D3F00F671E5 /* SDWebImageManager.m in Sources */,
				3D026BCD26F79D3F00F671E5 /* SDWebImageCacheKeyFilter.m in Sources */,
				3D026BD426F79D3F00F671E5 /* SDWebImageDownloaderRequestModifier.m in Sources */,
				3D026BD126F79D3F00F671E5 /* UIView+WebCache.m in Sources */,
				3D026BC426F79D3F00F671E5 /* SDImageCachesManager.m in Sources */,
				3D026B9926F79D3F00F671E5 /* AFNetworkReachabilityManager.m in Sources */,
				3D026BCC26F79D3F00F671E5 /* SDImageCacheConfig.m in Sources */,
				3D026BCA26F79D3F00F671E5 /* SDImageCacheDefine.m in Sources */,
				3D026BB626F79D3F00F671E5 /* SDWebImageError.m in Sources */,
				3D026AAB26F78FA600F671E5 /* SceneDelegate.m in Sources */,
				3D026BC226F79D3F00F671E5 /* SDWebImageDownloaderOperation.m in Sources */,
				3D026BB426F79D3F00F671E5 /* SDImageAPNGCoder.m in Sources */,
				3D026BBE26F79D3F00F671E5 /* SDWebImageDownloaderConfig.m in Sources */,
			);
			runOnlyForDeploymentPostprocessing = 0;
		};
/* End PBXSourcesBuildPhase section */

/* Begin PBXVariantGroup section */
		3D026AAF26F78FA600F671E5 /* Main.storyboard */ = {
			isa = PBXVariantGroup;
			children = (
				3D026AB026F78FA600F671E5 /* Base */,
			);
			name = Main.storyboard;
			sourceTree = "<group>";
		};
		3D026AB426F78FBF00F671E5 /* LaunchScreen.storyboard */ = {
			isa = PBXVariantGroup;
			children = (
				3D026AB526F78FBF00F671E5 /* Base */,
			);
			name = LaunchScreen.storyboard;
			sourceTree = "<group>";
		};
/* End PBXVariantGroup section */

/* Begin XCBuildConfiguration section */
		3D026ABA26F78FBF00F671E5 /* Debug */ = {
			isa = XCBuildConfiguration;
			buildSettings = {
				ALWAYS_SEARCH_USER_PATHS = NO;
				CLANG_ANALYZER_NONNULL = YES;
				CLANG_ANALYZER_NUMBER_OBJECT_CONVERSION = YES_AGGRESSIVE;
				CLANG_CXX_LANGUAGE_STANDARD = "gnu++14";
				CLANG_CXX_LIBRARY = "libc++";
				CLANG_ENABLE_MODULES = YES;
				CLANG_ENABLE_OBJC_ARC = YES;
				CLANG_ENABLE_OBJC_WEAK = YES;
				CLANG_WARN_BLOCK_CAPTURE_AUTORELEASING = YES;
				CLANG_WARN_BOOL_CONVERSION = YES;
				CLANG_WARN_COMMA = YES;
				CLANG_WARN_CONSTANT_CONVERSION = YES;
				CLANG_WARN_DEPRECATED_OBJC_IMPLEMENTATIONS = YES;
				CLANG_WARN_DIRECT_OBJC_ISA_USAGE = YES_ERROR;
				CLANG_WARN_DOCUMENTATION_COMMENTS = YES;
				CLANG_WARN_EMPTY_BODY = YES;
				CLANG_WARN_ENUM_CONVERSION = YES;
				CLANG_WARN_INFINITE_RECURSION = YES;
				CLANG_WARN_INT_CONVERSION = YES;
				CLANG_WARN_NON_LITERAL_NULL_CONVERSION = YES;
				CLANG_WARN_OBJC_IMPLICIT_RETAIN_SELF = YES;
				CLANG_WARN_OBJC_LITERAL_CONVERSION = YES;
				CLANG_WARN_OBJC_ROOT_CLASS = YES_ERROR;
				CLANG_WARN_QUOTED_INCLUDE_IN_FRAMEWORK_HEADER = YES;
				CLANG_WARN_RANGE_LOOP_ANALYSIS = YES;
				CLANG_WARN_STRICT_PROTOTYPES = YES;
				CLANG_WARN_SUSPICIOUS_MOVE = YES;
				CLANG_WARN_UNGUARDED_AVAILABILITY = YES_AGGRESSIVE;
				CLANG_WARN_UNREACHABLE_CODE = YES;
				CLANG_WARN__DUPLICATE_METHOD_MATCH = YES;
				COPY_PHASE_STRIP = NO;
				DEBUG_INFORMATION_FORMAT = dwarf;
				ENABLE_STRICT_OBJC_MSGSEND = YES;
				ENABLE_TESTABILITY = YES;
				GCC_C_LANGUAGE_STANDARD = gnu11;
				GCC_DYNAMIC_NO_PIC = NO;
				GCC_NO_COMMON_BLOCKS = YES;
				GCC_OPTIMIZATION_LEVEL = 0;
				GCC_PREPROCESSOR_DEFINITIONS = (
					"DEBUG=1",
					"$(inherited)",
				);
				GCC_WARN_64_TO_32_BIT_CONVERSION = YES;
				GCC_WARN_ABOUT_RETURN_TYPE = YES_ERROR;
				GCC_WARN_UNDECLARED_SELECTOR = YES;
				GCC_WARN_UNINITIALIZED_AUTOS = YES_AGGRESSIVE;
				GCC_WARN_UNUSED_FUNCTION = YES;
				GCC_WARN_UNUSED_VARIABLE = YES;
				IPHONEOS_DEPLOYMENT_TARGET = 14.5;
				MTL_ENABLE_DEBUG_INFO = INCLUDE_SOURCE;
				MTL_FAST_MATH = YES;
				ONLY_ACTIVE_ARCH = YES;
				SDKROOT = iphoneos;
			};
			name = Debug;
		};
		3D026ABB26F78FBF00F671E5 /* Release */ = {
			isa = XCBuildConfiguration;
			buildSettings = {
				ALWAYS_SEARCH_USER_PATHS = NO;
				CLANG_ANALYZER_NONNULL = YES;
				CLANG_ANALYZER_NUMBER_OBJECT_CONVERSION = YES_AGGRESSIVE;
				CLANG_CXX_LANGUAGE_STANDARD = "gnu++14";
				CLANG_CXX_LIBRARY = "libc++";
				CLANG_ENABLE_MODULES = YES;
				CLANG_ENABLE_OBJC_ARC = YES;
				CLANG_ENABLE_OBJC_WEAK = YES;
				CLANG_WARN_BLOCK_CAPTURE_AUTORELEASING = YES;
				CLANG_WARN_BOOL_CONVERSION = YES;
				CLANG_WARN_COMMA = YES;
				CLANG_WARN_CONSTANT_CONVERSION = YES;
				CLANG_WARN_DEPRECATED_OBJC_IMPLEMENTATIONS = YES;
				CLANG_WARN_DIRECT_OBJC_ISA_USAGE = YES_ERROR;
				CLANG_WARN_DOCUMENTATION_COMMENTS = YES;
				CLANG_WARN_EMPTY_BODY = YES;
				CLANG_WARN_ENUM_CONVERSION = YES;
				CLANG_WARN_INFINITE_RECURSION = YES;
				CLANG_WARN_INT_CONVERSION = YES;
				CLANG_WARN_NON_LITERAL_NULL_CONVERSION = YES;
				CLANG_WARN_OBJC_IMPLICIT_RETAIN_SELF = YES;
				CLANG_WARN_OBJC_LITERAL_CONVERSION = YES;
				CLANG_WARN_OBJC_ROOT_CLASS = YES_ERROR;
				CLANG_WARN_QUOTED_INCLUDE_IN_FRAMEWORK_HEADER = YES;
				CLANG_WARN_RANGE_LOOP_ANALYSIS = YES;
				CLANG_WARN_STRICT_PROTOTYPES = YES;
				CLANG_WARN_SUSPICIOUS_MOVE = YES;
				CLANG_WARN_UNGUARDED_AVAILABILITY = YES_AGGRESSIVE;
				CLANG_WARN_UNREACHABLE_CODE = YES;
				CLANG_WARN__DUPLICATE_METHOD_MATCH = YES;
				COPY_PHASE_STRIP = NO;
				DEBUG_INFORMATION_FORMAT = "dwarf-with-dsym";
				ENABLE_NS_ASSERTIONS = NO;
				ENABLE_STRICT_OBJC_MSGSEND = YES;
				GCC_C_LANGUAGE_STANDARD = gnu11;
				GCC_NO_COMMON_BLOCKS = YES;
				GCC_WARN_64_TO_32_BIT_CONVERSION = YES;
				GCC_WARN_ABOUT_RETURN_TYPE = YES_ERROR;
				GCC_WARN_UNDECLARED_SELECTOR = YES;
				GCC_WARN_UNINITIALIZED_AUTOS = YES_AGGRESSIVE;
				GCC_WARN_UNUSED_FUNCTION = YES;
				GCC_WARN_UNUSED_VARIABLE = YES;
				IPHONEOS_DEPLOYMENT_TARGET = 14.5;
				MTL_ENABLE_DEBUG_INFO = NO;
				MTL_FAST_MATH = YES;
				SDKROOT = iphoneos;
				VALIDATE_PRODUCT = YES;
			};
			name = Release;
		};
		3D026ABD26F78FBF00F671E5 /* Debug */ = {
			isa = XCBuildConfiguration;
			buildSettings = {
				ASSETCATALOG_COMPILER_APPICON_NAME = AppIcon;
				ASSETCATALOG_COMPILER_GLOBAL_ACCENT_COLOR_NAME = AccentColor;
				CODE_SIGN_STYLE = Automatic;
				INFOPLIST_FILE = iOS_Template/Info.plist;
				IPHONEOS_DEPLOYMENT_TARGET = 9.0;
				LD_RUNPATH_SEARCH_PATHS = (
					"$(inherited)",
					"@executable_path/Frameworks",
				);
				PRODUCT_BUNDLE_IDENTIFIER = "com.hewenjie.iOS-Template";
				PRODUCT_NAME = "$(TARGET_NAME)";
				TARGETED_DEVICE_FAMILY = "1,2";
			};
			name = Debug;
		};
		3D026ABE26F78FBF00F671E5 /* Release */ = {
			isa = XCBuildConfiguration;
			buildSettings = {
				ASSETCATALOG_COMPILER_APPICON_NAME = AppIcon;
				ASSETCATALOG_COMPILER_GLOBAL_ACCENT_COLOR_NAME = AccentColor;
				CODE_SIGN_STYLE = Automatic;
				INFOPLIST_FILE = iOS_Template/Info.plist;
				IPHONEOS_DEPLOYMENT_TARGET = 9.0;
				LD_RUNPATH_SEARCH_PATHS = (
					"$(inherited)",
					"@executable_path/Frameworks",
				);
				PRODUCT_BUNDLE_IDENTIFIER = "com.hewenjie.iOS-Template";
				PRODUCT_NAME = "$(TARGET_NAME)";
				TARGETED_DEVICE_FAMILY = "1,2";
			};
			name = Release;
		};
/* End XCBuildConfiguration section */

/* Begin XCConfigurationList section */
		3D026A9E26F78FA500F671E5 /* Build configuration list for PBXProject "iOS_Template" */ = {
			isa = XCConfigurationList;
			buildConfigurations = (
				3D026ABA26F78FBF00F671E5 /* Debug */,
				3D026ABB26F78FBF00F671E5 /* Release */,
			);
			defaultConfigurationIsVisible = 0;
			defaultConfigurationName = Release;
		};
		3D026ABC26F78FBF00F671E5 /* Build configuration list for PBXNativeTarget "iOS_Template" */ = {
			isa = XCConfigurationList;
			buildConfigurations = (
				3D026ABD26F78FBF00F671E5 /* Debug */,
				3D026ABE26F78FBF00F671E5 /* Release */,
			);
			defaultConfigurationIsVisible = 0;
			defaultConfigurationName = Release;
		};
/* End XCConfigurationList section */
	};
	rootObject = 3D026A9B26F78FA500F671E5 /* Project object */;
}
